// !$*UTF8*$!
{
	archiveVersion = 1;
	classes = {
	};
	objectVersion = 46;
	objects = {
		BAB141AAF79850C38274D0D8 = {
			isa = PBXBuildFile;
			fileRef = 8787D7C7448AE42E2E3263FC;
		};
		409230C5C2E39CA0F3CECA1B = {
			isa = PBXBuildFile;
			fileRef = F5C121D306B27BC8205CA557;
		};
		3DD0B270C87E72AA312D4CC2 = {
			isa = PBXBuildFile;
			fileRef = F2ECD6E7621D69AEA8CCE63E;
		};
		051ED4D51C9474683DC74118 = {
			isa = PBXBuildFile;
			fileRef = FAB2F4D82059F9FD895A8280;
		};
		DE984AD895ED079BD1CE11AA = {
			isa = PBXBuildFile;
			fileRef = B0727A43265A19992A213C49;
		};
		BE911D1539570E82F27D8271 = {
			isa = PBXBuildFile;
			fileRef = B80D7D55108C38ECBCFE789B;
		};
		C13DB999BFB3018D6EDE97E6 = {
			isa = PBXBuildFile;
			fileRef = 4C9B13DAADCF6C10117077AB;
		};
		0E1CF60F4B4DF64769CE068D = {
			isa = PBXBuildFile;
			fileRef = A6930BA0379C5250A04BA04A;
		};
		6211A2AFCECB4E983B9638AD = {
			isa = PBXBuildFile;
			fileRef = 7C021B400959564D18B2622F;
		};
		178563E95AC13352E9FB9683 = {
			isa = PBXBuildFile;
			fileRef = 89DD09CD77C372B8F80B4E67;
		};
		BBE94F6D5E7ABE984962E6B1 = {
			isa = PBXBuildFile;
			fileRef = E2CD44C868D6C992A9CFDE99;
		};
		2C967B6D0EFA42EF3EAB22B7 = {
			isa = PBXBuildFile;
			fileRef = 4A0A2390A2837ED3268E5468;
		};
		928C5F94CCFF328504C77B24 = {
			isa = PBXBuildFile;
			fileRef = AF54AD84E0C4E20EC7A5D948;
		};
		3A1DE19FBB4F48D4F7CD1C26 = {
			isa = PBXBuildFile;
			fileRef = 06BD6ADA8FA8CDE016994F69;
		};
		80EF07A1F211CC2AF304463D = {
			isa = PBXBuildFile;
			fileRef = 82CA257D9C01317FF4E327DC;
		};
		762515F305ED3EF3DD0D952A = {
			isa = PBXBuildFile;
			fileRef = 5800F95341DE069BD830F1A7;
		};
		DB7F4C39CF6B91390B1CF9A6 = {
			isa = PBXBuildFile;
			fileRef = 1639E1DD7217D2F2914B72B0;
		};
		513BD371B33D0F9D4970EB05 = {
			isa = PBXBuildFile;
			fileRef = 81B267D905BEBB7F740ADF8D;
		};
		29D887655EA47E2600783B60 = {
			isa = PBXBuildFile;
			fileRef = 42D97E582C95FD8CB1AF7948;
		};
		B94246E0136A99238FCC442C = {
			isa = PBXBuildFile;
			fileRef = EDB2DD5CB2C92C287D1409C3;
		};
		489BF9ECB05A093B2090CB38 = {
			isa = PBXBuildFile;
			fileRef = C06FE678654695E9D1083ABC;
		};
		F75DDC9A3A5890B8DD7D5598 = {
			isa = PBXBuildFile;
			fileRef = 19B2DA48E0D68FEC4263FC56;
		};
		8AEA6B0880BC7BE0C196C66B = {
			isa = PBXBuildFile;
			fileRef = 62E9E7371295833A4258018D;
		};
		ADFF16C774398AECD0275904 = {
			isa = PBXBuildFile;
			fileRef = A4AFD8BA5CCED2783EB23CB0;
		};
		855D0D880DDE10D7C6CE5198 = {
			isa = PBXBuildFile;
			fileRef = B766D2E18E84A045A20094A5;
		};
		589B28196EC4C952C7B7E634 = {
			isa = PBXBuildFile;
			fileRef = 91F561446B7F2E087335D0F3;
		};
		1BC8C6FE9769CB7044238569 = {
			isa = PBXBuildFile;
			fileRef = 8FD62971DAE3A095FC2C3C7B;
		};
		0E3466453AD8A7245A14EE46 = {
			isa = PBXBuildFile;
			fileRef = 1644C5026D12039F279814D9;
		};
		916B2F650C22EBA59B2CFB7D = {
			isa = PBXBuildFile;
			fileRef = 755CA5ED224D5F476023808A;
		};
		D8C754A425DC1428C564BA04 = {
			isa = PBXBuildFile;
			fileRef = E8EB409ED11BD348E7FD46BC;
		};
		8591F87F5C32E0D83903F254 = {
			isa = PBXBuildFile;
			fileRef = F2098B8ADB48FE1EED9F2718;
		};
		77F171D5A110F80F7EF0E9C7 = {
			isa = PBXBuildFile;
			fileRef = 97FB1EDBBC2C280EB7BF6485;
		};
		45ACAB288526B741A8CC2C0D = {
			isa = PBXBuildFile;
			fileRef = 9606ADC060002509A3919E0E;
		};
		C8E435729B593B633F9412CE = {
			isa = PBXBuildFile;
			fileRef = CA1A57C675E268B3D306BF3E;
		};
		32B31120527306B32EE5993F = {
			isa = PBXBuildFile;
			fileRef = 0D7E2F3E636C6F622CA3C65A;
		};
		3C87DC1CE9E93E32D1B9A521 = {
			isa = PBXBuildFile;
			fileRef = B796C0825AB749B9C8F6A850;
		};
		B42EEA14667B93983FD0C78C = {
			isa = PBXBuildFile;
			fileRef = 08BC315A9B3C892A4D4CDC07;
		};
		F8FEF6F8A945BB32D5132A7D = {
			isa = PBXBuildFile;
			fileRef = 3731BC0917526420ED255398;
		};
		06BD6ADA8FA8CDE016994F69 = {
			isa = PBXFileReference;
			lastKnownFileType = wrapper.framework;
			name = Foundation.framework;
			path = System/Library/Frameworks/Foundation.framework;
			sourceTree = SDKROOT;
		};
		0885B1D3363BB668F367EA82 = {
			isa = PBXFileReference;
			lastKnownFileType = sourcecode.c.h;
			name = JuceHeader.h;
			path = ../../JuceLibraryCode/JuceHeader.h;
			sourceTree = "SOURCE_ROOT";
		};
		08BC315A9B3C892A4D4CDC07 = {
			isa = PBXFileReference;
			lastKnownFileType = sourcecode.cpp.objcpp;
			name = "include_juce_gui_basics.mm";
			path = "../../JuceLibraryCode/include_juce_gui_basics.mm";
			sourceTree = "SOURCE_ROOT";
		};
		0D7E2F3E636C6F622CA3C65A = {
			isa = PBXFileReference;
			lastKnownFileType = sourcecode.cpp.objcpp;
			name = "include_juce_events.mm";
			path = "../../JuceLibraryCode/include_juce_events.mm";
			sourceTree = "SOURCE_ROOT";
		};
		121B9BCCC6EAC34F84BCA88B = {
			isa = PBXFileReference;
			lastKnownFileType = file;
			name = "juce_audio_devices";
			path = "~/JUCE/modules/juce_audio_devices";
			sourceTree = "<absolute>";
		};
		1639E1DD7217D2F2914B72B0 = {
			isa = PBXFileReference;
			lastKnownFileType = wrapper.framework;
			name = WebKit.framework;
			path = System/Library/Frameworks/WebKit.framework;
			sourceTree = SDKROOT;
		};
		1644C5026D12039F279814D9 = {
			isa = PBXFileReference;
			lastKnownFileType = sourcecode.cpp.cpp;
			name = "include_juce_audio_plugin_client_utils.cpp";
			path = "../../JuceLibraryCode/include_juce_audio_plugin_client_utils.cpp";
			sourceTree = "SOURCE_ROOT";
		};
		19B2DA48E0D68FEC4263FC56 = {
			isa = PBXFileReference;
			lastKnownFileType = sourcecode.cpp.objcpp;
			name = "include_juce_audio_devices.mm";
			path = "../../JuceLibraryCode/include_juce_audio_devices.mm";
			sourceTree = "SOURCE_ROOT";
		};
		1A3B2E403729EC6BFAEABCFF = {
			isa = PBXFileReference;
			lastKnownFileType = sourcecode.c.h;
			name = DemoUtilities.h;
			path = ../../Source/DemoUtilities.h;
			sourceTree = "SOURCE_ROOT";
		};
		3731BC0917526420ED255398 = {
			isa = PBXFileReference;
			lastKnownFileType = sourcecode.cpp.objcpp;
			name = "include_juce_gui_extra.mm";
			path = "../../JuceLibraryCode/include_juce_gui_extra.mm";
			sourceTree = "SOURCE_ROOT";
		};
		42D97E582C95FD8CB1AF7948 = {
			isa = PBXFileReference;
			lastKnownFileType = sourcecode.cpp.cpp;
			name = Wrapper.cpp;
			path = ../../Source/Wrapper.cpp;
			sourceTree = "SOURCE_ROOT";
		};
		4300CD8B7249DC6850B8F642 = {
			isa = PBXFileReference;
			lastKnownFileType = file;
			name = "juce_events";
			path = "~/JUCE/modules/juce_events";
			sourceTree = "<absolute>";
		};
		49013C52584CEBA1CC085BBD = {
			isa = PBXFileReference;
			lastKnownFileType = sourcecode.c.h;
			name = JucePluginDefines.h;
			path = ../../JuceLibraryCode/JucePluginDefines.h;
			sourceTree = "SOURCE_ROOT";
		};
		4934B4307F41FC2704F188ED = {
			isa = PBXFileReference;
			lastKnownFileType = sourcecode.c.h;
			name = "Foo_stub.h";
			path = "../../dist/build/Foo_stub.h";
			sourceTree = "SOURCE_ROOT";
		};
		49996B2976F16E1E6065A57D = {
			isa = PBXFileReference;
			lastKnownFileType = file;
			name = "juce_audio_basics";
			path = "~/JUCE/modules/juce_audio_basics";
			sourceTree = "<absolute>";
		};
		4A0A2390A2837ED3268E5468 = {
			isa = PBXFileReference;
			lastKnownFileType = wrapper.framework;
			name = CoreMIDI.framework;
			path = System/Library/Frameworks/CoreMIDI.framework;
			sourceTree = SDKROOT;
		};
		4C9B13DAADCF6C10117077AB = {
			isa = PBXFileReference;
			lastKnownFileType = wrapper.framework;
			name = AudioToolbox.framework;
			path = System/Library/Frameworks/AudioToolbox.framework;
			sourceTree = SDKROOT;
		};
		4D6D38013822031B70798302 = {
			isa = PBXFileReference;
			lastKnownFileType = file;
			name = "juce_audio_plugin_client";
			path = "~/JUCE/modules/juce_audio_plugin_client";
			sourceTree = "<absolute>";
		};
		5800F95341DE069BD830F1A7 = {
			isa = PBXFileReference;
			lastKnownFileType = wrapper.framework;
			name = QuartzCore.framework;
			path = System/Library/Frameworks/QuartzCore.framework;
			sourceTree = SDKROOT;
		};
		5C2B219BC29936F3501BB7ED = {
			isa = PBXFileReference;
			lastKnownFileType = text.plist.xml;
			name = "Info-VST3.plist";
			path = "Info-VST3.plist";
			sourceTree = "SOURCE_ROOT";
		};
		5F06141EDB17A9AA33E6618E = {
			isa = PBXFileReference;
			lastKnownFileType = file;
			name = "juce_audio_processors";
			path = "~/JUCE/modules/juce_audio_processors";
			sourceTree = "<absolute>";
		};
		60D78FCEE0900D35AA2590F6 = {
			isa = PBXFileReference;
			lastKnownFileType = text.plist.xml;
			name = "Info-AU.plist";
			path = "Info-AU.plist";
			sourceTree = "SOURCE_ROOT";
		};
		62E9E7371295833A4258018D = {
			isa = PBXFileReference;
			lastKnownFileType = sourcecode.cpp.objcpp;
			name = "include_juce_audio_formats.mm";
			path = "../../JuceLibraryCode/include_juce_audio_formats.mm";
			sourceTree = "SOURCE_ROOT";
		};
		709F6134E70E7B8667399D9B = {
			isa = PBXFileReference;
			lastKnownFileType = file;
			name = "juce_audio_formats";
			path = "~/JUCE/modules/juce_audio_formats";
			sourceTree = "<absolute>";
		};
		755CA5ED224D5F476023808A = {
			isa = PBXFileReference;
			lastKnownFileType = sourcecode.cpp.objcpp;
			name = "include_juce_audio_plugin_client_VST_utils.mm";
			path = "../../JuceLibraryCode/include_juce_audio_plugin_client_VST_utils.mm";
			sourceTree = "SOURCE_ROOT";
		};
		7C021B400959564D18B2622F = {
			isa = PBXFileReference;
			lastKnownFileType = wrapper.framework;
			name = Cocoa.framework;
			path = System/Library/Frameworks/Cocoa.framework;
			sourceTree = SDKROOT;
		};
		7CC820C2480506EF4E541907 = {
			isa = PBXFileReference;
			lastKnownFileType = file;
			name = "juce_gui_extra";
			path = "~/JUCE/modules/juce_gui_extra";
			sourceTree = "<absolute>";
		};
		8176CEFABAE6BDD93C868AE2 = {
			isa = PBXFileReference;
			lastKnownFileType = sourcecode.c.h;
			name = LoopStreamer.h;
			path = ../../Source/LoopStreamer.h;
			sourceTree = "SOURCE_ROOT";
		};
		81B267D905BEBB7F740ADF8D = {
			isa = PBXFileReference;
			lastKnownFileType = file.nib;
			name = RecentFilesMenuTemplate.nib;
			path = RecentFilesMenuTemplate.nib;
			sourceTree = "SOURCE_ROOT";
		};
		82CA257D9C01317FF4E327DC = {
			isa = PBXFileReference;
			lastKnownFileType = wrapper.framework;
			name = IOKit.framework;
			path = System/Library/Frameworks/IOKit.framework;
			sourceTree = SDKROOT;
		};
		8787D7C7448AE42E2E3263FC = {
			isa = PBXFileReference;
			explicitFileType = wrapper.cfbundle;
			includeInIndex = 0;
			path = SamplerPlugin.vst3;
			sourceTree = "BUILT_PRODUCTS_DIR";
		};
		89DD09CD77C372B8F80B4E67 = {
			isa = PBXFileReference;
			lastKnownFileType = wrapper.framework;
			name = CoreAudio.framework;
			path = System/Library/Frameworks/CoreAudio.framework;
			sourceTree = SDKROOT;
		};
		8C60F9CDFE7E47D8E62BB386 = {
			isa = PBXFileReference;
			lastKnownFileType = text.plist.xml;
			name = "Info-Standalone_Plugin.plist";
			path = "Info-Standalone_Plugin.plist";
			sourceTree = "SOURCE_ROOT";
		};
		8FD62971DAE3A095FC2C3C7B = {
			isa = PBXFileReference;
			lastKnownFileType = sourcecode.cpp.cpp;
			name = "include_juce_audio_plugin_client_Standalone.cpp";
			path = "../../JuceLibraryCode/include_juce_audio_plugin_client_Standalone.cpp";
			sourceTree = "SOURCE_ROOT";
		};
		91F561446B7F2E087335D0F3 = {
			isa = PBXFileReference;
			lastKnownFileType = sourcecode.cpp.objcpp;
			name = "include_juce_audio_plugin_client_AU_2.mm";
			path = "../../JuceLibraryCode/include_juce_audio_plugin_client_AU_2.mm";
			sourceTree = "SOURCE_ROOT";
		};
		94DBCCADD71BE5A7766CB83F = {
			isa = PBXFileReference;
			lastKnownFileType = sourcecode.c.h;
			name = SamplerPluginDemo.h;
			path = ../../Source/SamplerPluginDemo.h;
			sourceTree = "SOURCE_ROOT";
		};
		9606ADC060002509A3919E0E = {
			isa = PBXFileReference;
			lastKnownFileType = sourcecode.cpp.objcpp;
			name = "include_juce_core.mm";
			path = "../../JuceLibraryCode/include_juce_core.mm";
			sourceTree = "SOURCE_ROOT";
		};
		9714ADDCBFD6A6505222FADC = {
			isa = PBXFileReference;
			lastKnownFileType = file;
			name = "juce_core";
			path = "~/JUCE/modules/juce_core";
			sourceTree = "<absolute>";
		};
		97FB1EDBBC2C280EB7BF6485 = {
			isa = PBXFileReference;
			lastKnownFileType = sourcecode.cpp.objcpp;
			name = "include_juce_audio_utils.mm";
			path = "../../JuceLibraryCode/include_juce_audio_utils.mm";
			sourceTree = "SOURCE_ROOT";
		};
		A1AD82463CAC9485733A44B4 = {
			isa = PBXFileReference;
			lastKnownFileType = file;
			name = "juce_audio_utils";
			path = "~/JUCE/modules/juce_audio_utils";
			sourceTree = "<absolute>";
		};
		A4AFD8BA5CCED2783EB23CB0 = {
			isa = PBXFileReference;
			lastKnownFileType = file.r;
			name = "include_juce_audio_plugin_client_AU.r";
			path = "../../JuceLibraryCode/include_juce_audio_plugin_client_AU.r";
			sourceTree = "SOURCE_ROOT";
		};
		A6930BA0379C5250A04BA04A = {
			isa = PBXFileReference;
			lastKnownFileType = wrapper.framework;
			name = Carbon.framework;
			path = System/Library/Frameworks/Carbon.framework;
			sourceTree = SDKROOT;
		};
		AF54AD84E0C4E20EC7A5D948 = {
			isa = PBXFileReference;
			lastKnownFileType = wrapper.framework;
			name = DiscRecording.framework;
			path = System/Library/Frameworks/DiscRecording.framework;
			sourceTree = SDKROOT;
		};
		B0727A43265A19992A213C49 = {
			isa = PBXFileReference;
			lastKnownFileType = wrapper.framework;
			name = AudioUnit.framework;
			path = System/Library/Frameworks/AudioUnit.framework;
			sourceTree = SDKROOT;
		};
		B766D2E18E84A045A20094A5 = {
			isa = PBXFileReference;
			lastKnownFileType = sourcecode.cpp.objcpp;
			name = "include_juce_audio_plugin_client_AU_1.mm";
			path = "../../JuceLibraryCode/include_juce_audio_plugin_client_AU_1.mm";
			sourceTree = "SOURCE_ROOT";
		};
		B796C0825AB749B9C8F6A850 = {
			isa = PBXFileReference;
			lastKnownFileType = sourcecode.cpp.objcpp;
			name = "include_juce_graphics.mm";
			path = "../../JuceLibraryCode/include_juce_graphics.mm";
			sourceTree = "SOURCE_ROOT";
		};
		B80D7D55108C38ECBCFE789B = {
			isa = PBXFileReference;
			lastKnownFileType = wrapper.framework;
			name = Accelerate.framework;
			path = System/Library/Frameworks/Accelerate.framework;
			sourceTree = SDKROOT;
		};
		B95212D2F7C302AE3B2BA0C3 = {
			isa = PBXFileReference;
			lastKnownFileType = file;
			name = "juce_data_structures";
			path = "~/JUCE/modules/juce_data_structures";
			sourceTree = "<absolute>";
		};
		C06FE678654695E9D1083ABC = {
			isa = PBXFileReference;
			lastKnownFileType = sourcecode.cpp.objcpp;
			name = "include_juce_audio_basics.mm";
			path = "../../JuceLibraryCode/include_juce_audio_basics.mm";
			sourceTree = "SOURCE_ROOT";
		};
		CA1A57C675E268B3D306BF3E = {
			isa = PBXFileReference;
			lastKnownFileType = sourcecode.cpp.objcpp;
			name = "include_juce_data_structures.mm";
			path = "../../JuceLibraryCode/include_juce_data_structures.mm";
			sourceTree = "SOURCE_ROOT";
		};
		DF4DC2CD4E62A7A47747283B = {
			isa = PBXFileReference;
			lastKnownFileType = file;
			name = "juce_gui_basics";
			path = "~/JUCE/modules/juce_gui_basics";
			sourceTree = "<absolute>";
		};
		E2CD44C868D6C992A9CFDE99 = {
			isa = PBXFileReference;
			lastKnownFileType = wrapper.framework;
			name = CoreAudioKit.framework;
			path = System/Library/Frameworks/CoreAudioKit.framework;
			sourceTree = SDKROOT;
		};
		E66D01905D808F167E8A2825 = {
			isa = PBXFileReference;
			lastKnownFileType = sourcecode.c.h;
			name = Wrapper.h;
			path = ../../Source/Wrapper.h;
			sourceTree = "SOURCE_ROOT";
		};
		E8EB409ED11BD348E7FD46BC = {
			isa = PBXFileReference;
			lastKnownFileType = sourcecode.cpp.cpp;
			name = "include_juce_audio_plugin_client_VST3.cpp";
			path = "../../JuceLibraryCode/include_juce_audio_plugin_client_VST3.cpp";
			sourceTree = "SOURCE_ROOT";
		};
		EDB2DD5CB2C92C287D1409C3 = {
			isa = PBXFileReference;
			lastKnownFileType = sourcecode.cpp.cpp;
			name = Main.cpp;
			path = ../../Source/Main.cpp;
			sourceTree = "SOURCE_ROOT";
		};
		F2098B8ADB48FE1EED9F2718 = {
			isa = PBXFileReference;
			lastKnownFileType = sourcecode.cpp.objcpp;
			name = "include_juce_audio_processors.mm";
			path = "../../JuceLibraryCode/include_juce_audio_processors.mm";
			sourceTree = "SOURCE_ROOT";
		};
		F370733747DBE11991EF2C32 = {
			isa = PBXFileReference;
			lastKnownFileType = file;
			name = "juce_graphics";
			path = "~/JUCE/modules/juce_graphics";
			sourceTree = "<absolute>";
		};
		F5C121D306B27BC8205CA557 = {
			isa = PBXFileReference;
			explicitFileType = wrapper.cfbundle;
			includeInIndex = 0;
			path = SamplerPlugin.component;
			sourceTree = "BUILT_PRODUCTS_DIR";
		};
		F2ECD6E7621D69AEA8CCE63E = {
			isa = PBXFileReference;
			explicitFileType = wrapper.application;
			includeInIndex = 0;
			path = SamplerPlugin.app;
			sourceTree = "BUILT_PRODUCTS_DIR";
		};
		FAB2F4D82059F9FD895A8280 = {
			isa = PBXFileReference;
			explicitFileType = archive.ar;
			includeInIndex = 0;
			path = libSamplerPlugin.a;
			sourceTree = "BUILT_PRODUCTS_DIR";
		};
		A6F00518FA3644384663989B = {
			isa = PBXGroup;
			children = (
				4934B4307F41FC2704F188ED,
				E66D01905D808F167E8A2825,
				42D97E582C95FD8CB1AF7948,
				94DBCCADD71BE5A7766CB83F,
				8176CEFABAE6BDD93C868AE2,
				EDB2DD5CB2C92C287D1409C3,
			);
			name = Source;
			sourceTree = "<group>";
		};
		6F8BEB95CF785B5288687A3F = {
			isa = PBXGroup;
			children = (
				1A3B2E403729EC6BFAEABCFF,
			);
			name = Assets;
			sourceTree = "<group>";
		};
		24866CAF922A69ACC4B7A182 = {
			isa = PBXGroup;
			children = (
				A6F00518FA3644384663989B,
				6F8BEB95CF785B5288687A3F,
			);
			name = Loopo;
			sourceTree = "<group>";
		};
		A3D010DC7D12B9A491889C23 = {
			isa = PBXGroup;
			children = (
				49996B2976F16E1E6065A57D,
				121B9BCCC6EAC34F84BCA88B,
				709F6134E70E7B8667399D9B,
				4D6D38013822031B70798302,
				5F06141EDB17A9AA33E6618E,
				A1AD82463CAC9485733A44B4,
				9714ADDCBFD6A6505222FADC,
				B95212D2F7C302AE3B2BA0C3,
				4300CD8B7249DC6850B8F642,
				F370733747DBE11991EF2C32,
				DF4DC2CD4E62A7A47747283B,
				7CC820C2480506EF4E541907,
			);
			name = "JUCE Modules";
			sourceTree = "<group>";
		};
		D90467BF468F123E526A1FD4 = {
			isa = PBXGroup;
			children = (
				C06FE678654695E9D1083ABC,
				19B2DA48E0D68FEC4263FC56,
				62E9E7371295833A4258018D,
				A4AFD8BA5CCED2783EB23CB0,
				B766D2E18E84A045A20094A5,
				91F561446B7F2E087335D0F3,
				8FD62971DAE3A095FC2C3C7B,
				1644C5026D12039F279814D9,
				755CA5ED224D5F476023808A,
				E8EB409ED11BD348E7FD46BC,
				F2098B8ADB48FE1EED9F2718,
				97FB1EDBBC2C280EB7BF6485,
				9606ADC060002509A3919E0E,
				CA1A57C675E268B3D306BF3E,
				0D7E2F3E636C6F622CA3C65A,
				B796C0825AB749B9C8F6A850,
				08BC315A9B3C892A4D4CDC07,
				3731BC0917526420ED255398,
				0885B1D3363BB668F367EA82,
				49013C52584CEBA1CC085BBD,
			);
			name = "JUCE Library Code";
			sourceTree = "<group>";
		};
		D425FA3A1C639EB2C46F12A1 = {
			isa = PBXGroup;
			children = (
				5C2B219BC29936F3501BB7ED,
				60D78FCEE0900D35AA2590F6,
				8C60F9CDFE7E47D8E62BB386,
				81B267D905BEBB7F740ADF8D,
			);
			name = Resources;
			sourceTree = "<group>";
		};
		91BDC588E8350CA162DBD0B0 = {
			isa = PBXGroup;
			children = (
				B0727A43265A19992A213C49,
				B80D7D55108C38ECBCFE789B,
				4C9B13DAADCF6C10117077AB,
				A6930BA0379C5250A04BA04A,
				7C021B400959564D18B2622F,
				89DD09CD77C372B8F80B4E67,
				E2CD44C868D6C992A9CFDE99,
				4A0A2390A2837ED3268E5468,
				AF54AD84E0C4E20EC7A5D948,
				06BD6ADA8FA8CDE016994F69,
				82CA257D9C01317FF4E327DC,
				5800F95341DE069BD830F1A7,
				1639E1DD7217D2F2914B72B0,
			);
			name = Frameworks;
			sourceTree = "<group>";
		};
		54AEB9861651309C4AF359C2 = {
			isa = PBXGroup;
			children = (
				8787D7C7448AE42E2E3263FC,
				F5C121D306B27BC8205CA557,
				F2ECD6E7621D69AEA8CCE63E,
				FAB2F4D82059F9FD895A8280,
			);
			name = Products;
			sourceTree = "<group>";
		};
		A8B95BD8DFC3159B60CD704C = {
			isa = PBXGroup;
			children = (
				24866CAF922A69ACC4B7A182,
				A3D010DC7D12B9A491889C23,
				D90467BF468F123E526A1FD4,
				D425FA3A1C639EB2C46F12A1,
				91BDC588E8350CA162DBD0B0,
				54AEB9861651309C4AF359C2,
			);
			name = Source;
			sourceTree = "<group>";
		};
		85EA423B2B715A3E646108D7 = {
			isa = PBXTargetDependency;
			target = 5DF7939940643F082A75BF5F;
		};
		824AB7AD11340FCEFBDD18DB = {
			isa = PBXTargetDependency;
			target = 2646E0E40BF9CF5A01BEA05C;
		};
		091D1890DF7CF6E7814641EF = {
			isa = PBXTargetDependency;
			target = E3B3F7662E8D6F50582FBE49;
		};
		02F10926DF07876FAAE51F98 = {
			isa = PBXTargetDependency;
			target = C1AED7F67B2924323BAC64A9;
		};
		B68866FD019508371F34968F = {
			isa = PBXTargetDependency;
			target = C1AED7F67B2924323BAC64A9;
		};
		923C09445E613192E03A66CD = {
			isa = PBXTargetDependency;
			target = C1AED7F67B2924323BAC64A9;
		};
		B40F3623F16E6C97F20841C0 = {
			isa = PBXTargetDependency;
			target = C1AED7F67B2924323BAC64A9;
		};
		F87441FC5B121364A13F7747 = {
			isa = XCBuildConfiguration;
			buildSettings = {
				MACOSX_DEPLOYMENT_TARGET = 10.12;
				SDKROOT = macosx;
			};
			name = Debug;
		};
		200D6BEC95AD971F1FC7C202 = {
			isa = XCBuildConfiguration;
			buildSettings = {
				MACOSX_DEPLOYMENT_TARGET = 10.12;
				SDKROOT = macosx;
			};
			name = Release;
		};
		7F4BE4B6439CF368F3E18F37 = {
			isa = XCBuildConfiguration;
			buildSettings = {
				CLANG_CXX_LANGUAGE_STANDARD = "c++14";
				CLANG_CXX_LIBRARY = "libc++";
				CLANG_LINK_OBJC_RUNTIME = NO;
				CODE_SIGN_IDENTITY = "";
				COMBINE_HIDPI_IMAGES = YES;
				CONFIGURATION_BUILD_DIR = "$(PROJECT_DIR)/build/$(CONFIGURATION)";
				COPY_PHASE_STRIP = NO;
				DEPLOYMENT_LOCATION = YES;
				DSTROOT = /;
				GCC_DYNAMIC_NO_PIC = NO;
				GCC_OPTIMIZATION_LEVEL = 0;
				GCC_PREPROCESSOR_DEFINITIONS = (
					"_DEBUG=1",
					"DEBUG=1",
					"JUCE_DISPLAY_SPLASH_SCREEN=1",
					"JUCE_USE_DARK_SPLASH_SCREEN=1",
					"JUCE_PROJUCER_VERSION=0x60005",
					"JUCE_MODULE_AVAILABLE_juce_audio_basics=1",
					"JUCE_MODULE_AVAILABLE_juce_audio_devices=1",
					"JUCE_MODULE_AVAILABLE_juce_audio_formats=1",
					"JUCE_MODULE_AVAILABLE_juce_audio_plugin_client=1",
					"JUCE_MODULE_AVAILABLE_juce_audio_processors=1",
					"JUCE_MODULE_AVAILABLE_juce_audio_utils=1",
					"JUCE_MODULE_AVAILABLE_juce_core=1",
					"JUCE_MODULE_AVAILABLE_juce_data_structures=1",
					"JUCE_MODULE_AVAILABLE_juce_events=1",
					"JUCE_MODULE_AVAILABLE_juce_graphics=1",
					"JUCE_MODULE_AVAILABLE_juce_gui_basics=1",
					"JUCE_MODULE_AVAILABLE_juce_gui_extra=1",
					"JUCE_GLOBAL_MODULE_SETTINGS_INCLUDED=1",
					"JUCE_VST3_CAN_REPLACE_VST2=0",
					"JUCE_STRICT_REFCOUNTEDPOINTER=1",
					"JucePlugin_Build_VST=0",
					"JucePlugin_Build_VST3=1",
					"JucePlugin_Build_AU=0",
					"JucePlugin_Build_AUv3=0",
					"JucePlugin_Build_RTAS=0",
					"JucePlugin_Build_AAX=0",
					"JucePlugin_Build_Standalone=0",
					"JucePlugin_Build_Unity=0",
					"JucePlugin_Enable_IAA=0",
					"JucePlugin_Name=\\\"Loopo\\\"",
					"JucePlugin_Desc=\\\"Loopo\\\"",
					"JucePlugin_Manufacturer=\\\"JUCE\\\"",
					"JucePlugin_ManufacturerWebsite=\\\"http://juce.com\\\"",
					"JucePlugin_ManufacturerEmail=\\\"\\\"",
					"JucePlugin_ManufacturerCode=0x4d616e75",
					"JucePlugin_PluginCode=0x50703267",
					"JucePlugin_IsSynth=1",
					"JucePlugin_WantsMidiInput=1",
					"JucePlugin_ProducesMidiOutput=0",
					"JucePlugin_IsMidiEffect=0",
					"JucePlugin_EditorRequiresKeyboardFocus=0",
					"JucePlugin_Version=1.0.0",
					"JucePlugin_VersionCode=0x10000",
					"JucePlugin_VersionString=\\\"1.0.0\\\"",
					"JucePlugin_VSTUniqueID=JucePlugin_PluginCode",
					"JucePlugin_VSTCategory=kPlugCategSynth",
					"JucePlugin_Vst3Category=\\\"Instrument|Synth\\\"",
					"JucePlugin_AUMainType='aumu'",
					"JucePlugin_AUSubType=JucePlugin_PluginCode",
					"JucePlugin_AUExportPrefix=LoopoAU",
					"JucePlugin_AUExportPrefixQuoted=\\\"LoopoAU\\\"",
					"JucePlugin_AUManufacturerCode=JucePlugin_ManufacturerCode",
					"JucePlugin_CFBundleIdentifier=com.JUCE.Loopo",
					"JucePlugin_RTASCategory=2048",
					"JucePlugin_RTASManufacturerCode=JucePlugin_ManufacturerCode",
					"JucePlugin_RTASProductId=JucePlugin_PluginCode",
					"JucePlugin_RTASDisableBypass=0",
					"JucePlugin_RTASDisableMultiMono=0",
					"JucePlugin_AAXIdentifier=com.JUCE.Loopo",
					"JucePlugin_AAXManufacturerCode=JucePlugin_ManufacturerCode",
					"JucePlugin_AAXProductId=JucePlugin_PluginCode",
					"JucePlugin_AAXCategory=2048",
					"JucePlugin_AAXDisableBypass=0",
					"JucePlugin_AAXDisableMultiMono=0",
					"JucePlugin_IAAType=0x61757269",
					"JucePlugin_IAASubType=JucePlugin_PluginCode",
					"JucePlugin_IAAName=\\\"JUCE:\\ Loopo\\\"",
					"JucePlugin_VSTNumMidiInputs=16",
					"JucePlugin_VSTNumMidiOutputs=16",
					"JUCE_STANDALONE_APPLICATION=JucePlugin_Build_Standalone",
					"PIP_JUCE_EXAMPLES_DIRECTORY=L1VzZXJzL2dtdC9KVUNFL2V4YW1wbGVz",
					"JUCER_XCODE_MAC_F6D2F4CF=1",
					"JUCE_APP_VERSION=1.0.0",
					"JUCE_APP_VERSION_HEX=0x10000",
				);
				GCC_VERSION = com.apple.compilers.llvm.clang.1_0;
				GENERATE_PKGINFO_FILE = YES;
				HEADER_SEARCH_PATHS = (
					"$(HOME)/JUCE/modules/juce_audio_processors/format_types/VST3_SDK",
					"../../JuceLibraryCode",
					"$(HOME)/JUCE/modules",
					"/Users/gmt/Loopo/dist/build",
					"/Users/gmt/.stack/programs/x86_64-osx/ghc-8.6.5/lib/ghc-8.6.5/include/",
					"$(HOME)/JUCE/modules/juce_audio_plugin_client",
					"$(inherited)",
				);
				INFOPLIST_FILE = Info-VST3.plist;
				INFOPLIST_PREPROCESS = NO;
				INSTALL_PATH = "$(HOME)/Library/Audio/Plug-Ins/VST3/";
				LIBRARY_SEARCH_PATHS = (
					"$(inherited)",
					"\"/Users/gmt/.cabal/lib/x86_64-osx-ghc-8.6.4/array-0.5.4.0-JTWuK1N2qV6Hp4ahtyDNgH/\"",
					"\"dist/build/\"",
					"\"/Users/gmt/.stack/programs/x86_64-osx/ghc-8.6.5/lib/ghc-8.6.5/array-0.5.3.0/\"",
					"\"/Users/gmt/.stack/programs/x86_64-osx/ghc-8.6.5/lib/ghc-8.6.5/base-4.12.0.0/\"",
					"\"/Users/gmt/.stack/programs/x86_64-osx/ghc-8.6.5/lib/ghc-8.6.5/deepseq-1.4.4.0/\"",
					"\"/Users/gmt/.stack/programs/x86_64-osx/ghc-8.6.5/lib/ghc-8.6.5/ghc-prim-0.5.3/\"",
					"\"/Users/gmt/.stack/programs/x86_64-osx/ghc-8.6.5/lib/ghc-8.6.5/integer-gmp-1.0.2.0/\"",
					"\"/Users/gmt/Loopo/.stack-work/dist/x86_64-osx/Cabal-2.4.0.1/build/\"",
					"\"/Users/gmt/.stack/snapshots/x86_64-osx/cf793d5e58850485fdeea13086f3ea038bbe5323ca0ebfe2613e5228635402ab/8.6.5/lib/x86_64-osx-ghc-8.6.5/primitive-0.6.4.0-ILgywxtLpvnAOlEISPpP5b/\"",
					"\"/Users/gmt/.stack/programs/x86_64-osx/ghc-8.6.5/lib/ghc-8.6.5/transformers-0.5.6.2/\"",
					"\"/Users/gmt/.stack/snapshots/x86_64-osx/cf793d5e58850485fdeea13086f3ea038bbe5323ca0ebfe2613e5228635402ab/8.6.5/lib/x86_64-osx-ghc-8.6.5/vector-0.12.0.3-LfvlcMFJAcY18uD1Y2O5Ig/\"",
					"\"/Users/gmt/.stack/programs/x86_64-osx/ghc-8.6.5/lib/ghc-8.6.5/rts/\"",
					"\"/Users/gmt/.stack/programs/x86_64-osx/ghc-8.6.5/lib/ghc-8.6.5/rts/\"",
				);
				LIBRARY_STYLE = Bundle;
				MACOSX_DEPLOYMENT_TARGET = 10.12;
				MTL_HEADER_SEARCH_PATHS = (
					"$(HOME)/JUCE/modules/juce_audio_processors/format_types/VST3_SDK",
					"../../JuceLibraryCode",
					"$(HOME)/JUCE/modules",
					"/Users/gmt/Loopo/dist/build",
					"/Users/gmt/.stack/programs/x86_64-osx/ghc-8.6.5/lib/ghc-8.6.5/include/",
					"$(HOME)/JUCE/modules/juce_audio_plugin_client",
				);
				OTHER_CPLUSPLUSFLAGS = "-Wno-shorten-64-to-32";
				OTHER_LDFLAGS = "-bundle -lSamplerPlugin -lHSarray-0.5.4.0-JTWuK1N2qV6Hp4ahtyDNgH -lHSbase-4.12.0.0 -lHSdeepseq-1.4.4.0 -lHSghc-prim-0.5.3 -lHSinteger-gmp-1.0.2.0 -lHSloopo-0.1.0.0-Ifmrv7z06Z06fwlEFBXnpU -lHSprimitive-0.6.4.0-ILgywxtLpvnAOlEISPpP5b -lHStransformers-0.5.6.2 -lHSvector-0.12.0.3-LfvlcMFJAcY18uD1Y2O5Ig -lCffi -lHSrts -liconv -Wl,-no_compact_unwind";
				PRODUCT_BUNDLE_IDENTIFIER = com.JUCE.Loopo;
				PRODUCT_NAME = "SamplerPlugin";
				USE_HEADERMAP = NO;
				VALID_ARCHS = "i386 x86_64 arm64 arm64e";
				WRAPPER_EXTENSION = vst3;
			};
			name = Debug;
		};
		A90133778403915703904304 = {
			isa = XCBuildConfiguration;
			buildSettings = {
				CLANG_CXX_LANGUAGE_STANDARD = "c++14";
				CLANG_CXX_LIBRARY = "libc++";
				CLANG_LINK_OBJC_RUNTIME = NO;
				CODE_SIGN_IDENTITY = "";
				COMBINE_HIDPI_IMAGES = YES;
				CONFIGURATION_BUILD_DIR = "$(PROJECT_DIR)/build/$(CONFIGURATION)";
				DEAD_CODE_STRIPPING = YES;
				DEPLOYMENT_LOCATION = YES;
				DSTROOT = /;
				GCC_GENERATE_DEBUGGING_SYMBOLS = NO;
				GCC_OPTIMIZATION_LEVEL = 3;
				GCC_PREPROCESSOR_DEFINITIONS = (
					"_NDEBUG=1",
					"NDEBUG=1",
					"JUCE_DISPLAY_SPLASH_SCREEN=1",
					"JUCE_USE_DARK_SPLASH_SCREEN=1",
					"JUCE_PROJUCER_VERSION=0x60005",
					"JUCE_MODULE_AVAILABLE_juce_audio_basics=1",
					"JUCE_MODULE_AVAILABLE_juce_audio_devices=1",
					"JUCE_MODULE_AVAILABLE_juce_audio_formats=1",
					"JUCE_MODULE_AVAILABLE_juce_audio_plugin_client=1",
					"JUCE_MODULE_AVAILABLE_juce_audio_processors=1",
					"JUCE_MODULE_AVAILABLE_juce_audio_utils=1",
					"JUCE_MODULE_AVAILABLE_juce_core=1",
					"JUCE_MODULE_AVAILABLE_juce_data_structures=1",
					"JUCE_MODULE_AVAILABLE_juce_events=1",
					"JUCE_MODULE_AVAILABLE_juce_graphics=1",
					"JUCE_MODULE_AVAILABLE_juce_gui_basics=1",
					"JUCE_MODULE_AVAILABLE_juce_gui_extra=1",
					"JUCE_GLOBAL_MODULE_SETTINGS_INCLUDED=1",
					"JUCE_VST3_CAN_REPLACE_VST2=0",
					"JUCE_STRICT_REFCOUNTEDPOINTER=1",
					"JucePlugin_Build_VST=0",
					"JucePlugin_Build_VST3=1",
					"JucePlugin_Build_AU=0",
					"JucePlugin_Build_AUv3=0",
					"JucePlugin_Build_RTAS=0",
					"JucePlugin_Build_AAX=0",
					"JucePlugin_Build_Standalone=0",
					"JucePlugin_Build_Unity=0",
					"JucePlugin_Enable_IAA=0",
					"JucePlugin_Name=\\\"Loopo\\\"",
					"JucePlugin_Desc=\\\"Loopo\\\"",
					"JucePlugin_Manufacturer=\\\"JUCE\\\"",
					"JucePlugin_ManufacturerWebsite=\\\"http://juce.com\\\"",
					"JucePlugin_ManufacturerEmail=\\\"\\\"",
					"JucePlugin_ManufacturerCode=0x4d616e75",
					"JucePlugin_PluginCode=0x50703267",
					"JucePlugin_IsSynth=1",
					"JucePlugin_WantsMidiInput=1",
					"JucePlugin_ProducesMidiOutput=0",
					"JucePlugin_IsMidiEffect=0",
					"JucePlugin_EditorRequiresKeyboardFocus=0",
					"JucePlugin_Version=1.0.0",
					"JucePlugin_VersionCode=0x10000",
					"JucePlugin_VersionString=\\\"1.0.0\\\"",
					"JucePlugin_VSTUniqueID=JucePlugin_PluginCode",
					"JucePlugin_VSTCategory=kPlugCategSynth",
					"JucePlugin_Vst3Category=\\\"Instrument|Synth\\\"",
					"JucePlugin_AUMainType='aumu'",
					"JucePlugin_AUSubType=JucePlugin_PluginCode",
					"JucePlugin_AUExportPrefix=LoopoAU",
					"JucePlugin_AUExportPrefixQuoted=\\\"LoopoAU\\\"",
					"JucePlugin_AUManufacturerCode=JucePlugin_ManufacturerCode",
					"JucePlugin_CFBundleIdentifier=com.JUCE.Loopo",
					"JucePlugin_RTASCategory=2048",
					"JucePlugin_RTASManufacturerCode=JucePlugin_ManufacturerCode",
					"JucePlugin_RTASProductId=JucePlugin_PluginCode",
					"JucePlugin_RTASDisableBypass=0",
					"JucePlugin_RTASDisableMultiMono=0",
					"JucePlugin_AAXIdentifier=com.JUCE.Loopo",
					"JucePlugin_AAXManufacturerCode=JucePlugin_ManufacturerCode",
					"JucePlugin_AAXProductId=JucePlugin_PluginCode",
					"JucePlugin_AAXCategory=2048",
					"JucePlugin_AAXDisableBypass=0",
					"JucePlugin_AAXDisableMultiMono=0",
					"JucePlugin_IAAType=0x61757269",
					"JucePlugin_IAASubType=JucePlugin_PluginCode",
					"JucePlugin_IAAName=\\\"JUCE:\\ Loopo\\\"",
					"JucePlugin_VSTNumMidiInputs=16",
					"JucePlugin_VSTNumMidiOutputs=16",
					"JUCE_STANDALONE_APPLICATION=JucePlugin_Build_Standalone",
					"PIP_JUCE_EXAMPLES_DIRECTORY=L1VzZXJzL2dtdC9KVUNFL2V4YW1wbGVz",
					"JUCER_XCODE_MAC_F6D2F4CF=1",
					"JUCE_APP_VERSION=1.0.0",
					"JUCE_APP_VERSION_HEX=0x10000",
				);
				GCC_VERSION = com.apple.compilers.llvm.clang.1_0;
				GENERATE_PKGINFO_FILE = YES;
				HEADER_SEARCH_PATHS = (
					"$(HOME)/JUCE/modules/juce_audio_processors/format_types/VST3_SDK",
					"../../JuceLibraryCode",
					"$(HOME)/JUCE/modules",
					"/Users/gmt/Loopo/dist/build",
					"/Users/gmt/.stack/programs/x86_64-osx/ghc-8.6.5/lib/ghc-8.6.5/include/",
					"$(HOME)/JUCE/modules/juce_audio_plugin_client",
					"$(inherited)",
				);
				INFOPLIST_FILE = Info-VST3.plist;
				INFOPLIST_PREPROCESS = NO;
				INSTALL_PATH = "$(HOME)/Library/Audio/Plug-Ins/VST3/";
				LIBRARY_SEARCH_PATHS = (
					"$(inherited)",
					"\"/Users/gmt/.cabal/lib/x86_64-osx-ghc-8.6.4/array-0.5.4.0-JTWuK1N2qV6Hp4ahtyDNgH/\"",
					"\"dist/build/\"",
					"\"/Users/gmt/.stack/programs/x86_64-osx/ghc-8.6.5/lib/ghc-8.6.5/array-0.5.3.0/\"",
					"\"/Users/gmt/.stack/programs/x86_64-osx/ghc-8.6.5/lib/ghc-8.6.5/base-4.12.0.0/\"",
					"\"/Users/gmt/.stack/programs/x86_64-osx/ghc-8.6.5/lib/ghc-8.6.5/deepseq-1.4.4.0/\"",
					"\"/Users/gmt/.stack/programs/x86_64-osx/ghc-8.6.5/lib/ghc-8.6.5/ghc-prim-0.5.3/\"",
					"\"/Users/gmt/.stack/programs/x86_64-osx/ghc-8.6.5/lib/ghc-8.6.5/integer-gmp-1.0.2.0/\"",
					"\"/Users/gmt/Loopo/.stack-work/dist/x86_64-osx/Cabal-2.4.0.1/build/\"",
					"\"/Users/gmt/.stack/snapshots/x86_64-osx/cf793d5e58850485fdeea13086f3ea038bbe5323ca0ebfe2613e5228635402ab/8.6.5/lib/x86_64-osx-ghc-8.6.5/primitive-0.6.4.0-ILgywxtLpvnAOlEISPpP5b/\"",
					"\"/Users/gmt/.stack/programs/x86_64-osx/ghc-8.6.5/lib/ghc-8.6.5/transformers-0.5.6.2/\"",
					"\"/Users/gmt/.stack/snapshots/x86_64-osx/cf793d5e58850485fdeea13086f3ea038bbe5323ca0ebfe2613e5228635402ab/8.6.5/lib/x86_64-osx-ghc-8.6.5/vector-0.12.0.3-LfvlcMFJAcY18uD1Y2O5Ig/\"",
					"\"/Users/gmt/.stack/programs/x86_64-osx/ghc-8.6.5/lib/ghc-8.6.5/rts/\"",
					"\"/Users/gmt/.stack/programs/x86_64-osx/ghc-8.6.5/lib/ghc-8.6.5/rts/\"",
				);
				LIBRARY_STYLE = Bundle;
				LLVM_LTO = YES;
				MACOSX_DEPLOYMENT_TARGET = 10.12;
				MTL_HEADER_SEARCH_PATHS = (
					"$(HOME)/JUCE/modules/juce_audio_processors/format_types/VST3_SDK",
					"../../JuceLibraryCode",
					"$(HOME)/JUCE/modules",
					"/Users/gmt/Loopo/dist/build",
					"/Users/gmt/.stack/programs/x86_64-osx/ghc-8.6.5/lib/ghc-8.6.5/include/",
					"$(HOME)/JUCE/modules/juce_audio_plugin_client",
				);
				OTHER_CPLUSPLUSFLAGS = "-Wno-shorten-64-to-32";
				OTHER_LDFLAGS = "-bundle -lSamplerPlugin -lHSarray-0.5.4.0-JTWuK1N2qV6Hp4ahtyDNgH -lHSbase-4.12.0.0 -lHSdeepseq-1.4.4.0 -lHSghc-prim-0.5.3 -lHSinteger-gmp-1.0.2.0 -lHSloopo-0.1.0.0-Ifmrv7z06Z06fwlEFBXnpU -lHSprimitive-0.6.4.0-ILgywxtLpvnAOlEISPpP5b -lHStransformers-0.5.6.2 -lHSvector-0.12.0.3-LfvlcMFJAcY18uD1Y2O5Ig -lCffi -lHSrts -liconv -Wl,-no_compact_unwind";
				PRODUCT_BUNDLE_IDENTIFIER = com.JUCE.Loopo;
				PRODUCT_NAME = "SamplerPlugin";
				USE_HEADERMAP = NO;
				VALID_ARCHS = "i386 x86_64 arm64 arm64e";
				WRAPPER_EXTENSION = vst3;
			};
			name = Release;
		};
		755DB8F8A99AF6E0AD0E3894 = {
			isa = XCBuildConfiguration;
			buildSettings = {
				CLANG_CXX_LANGUAGE_STANDARD = "c++14";
				CLANG_CXX_LIBRARY = "libc++";
				CLANG_LINK_OBJC_RUNTIME = NO;
				CODE_SIGN_IDENTITY = "";
				COMBINE_HIDPI_IMAGES = YES;
				CONFIGURATION_BUILD_DIR = "$(PROJECT_DIR)/build/$(CONFIGURATION)";
				COPY_PHASE_STRIP = NO;
				DEPLOYMENT_LOCATION = YES;
				DSTROOT = /;
				GCC_DYNAMIC_NO_PIC = NO;
				GCC_OPTIMIZATION_LEVEL = 0;
				GCC_PREPROCESSOR_DEFINITIONS = (
					"_DEBUG=1",
					"DEBUG=1",
					"JUCE_DISPLAY_SPLASH_SCREEN=1",
					"JUCE_USE_DARK_SPLASH_SCREEN=1",
					"JUCE_PROJUCER_VERSION=0x60005",
					"JUCE_MODULE_AVAILABLE_juce_audio_basics=1",
					"JUCE_MODULE_AVAILABLE_juce_audio_devices=1",
					"JUCE_MODULE_AVAILABLE_juce_audio_formats=1",
					"JUCE_MODULE_AVAILABLE_juce_audio_plugin_client=1",
					"JUCE_MODULE_AVAILABLE_juce_audio_processors=1",
					"JUCE_MODULE_AVAILABLE_juce_audio_utils=1",
					"JUCE_MODULE_AVAILABLE_juce_core=1",
					"JUCE_MODULE_AVAILABLE_juce_data_structures=1",
					"JUCE_MODULE_AVAILABLE_juce_events=1",
					"JUCE_MODULE_AVAILABLE_juce_graphics=1",
					"JUCE_MODULE_AVAILABLE_juce_gui_basics=1",
					"JUCE_MODULE_AVAILABLE_juce_gui_extra=1",
					"JUCE_GLOBAL_MODULE_SETTINGS_INCLUDED=1",
					"JUCE_VST3_CAN_REPLACE_VST2=0",
					"JUCE_STRICT_REFCOUNTEDPOINTER=1",
					"JucePlugin_Build_VST=0",
					"JucePlugin_Build_VST3=0",
					"JucePlugin_Build_AU=1",
					"JucePlugin_Build_AUv3=0",
					"JucePlugin_Build_RTAS=0",
					"JucePlugin_Build_AAX=0",
					"JucePlugin_Build_Standalone=0",
					"JucePlugin_Build_Unity=0",
					"JucePlugin_Enable_IAA=0",
					"JucePlugin_Name=\\\"Loopo\\\"",
					"JucePlugin_Desc=\\\"Loopo\\\"",
					"JucePlugin_Manufacturer=\\\"JUCE\\\"",
					"JucePlugin_ManufacturerWebsite=\\\"http://juce.com\\\"",
					"JucePlugin_ManufacturerEmail=\\\"\\\"",
					"JucePlugin_ManufacturerCode=0x4d616e75",
					"JucePlugin_PluginCode=0x50703267",
					"JucePlugin_IsSynth=1",
					"JucePlugin_WantsMidiInput=1",
					"JucePlugin_ProducesMidiOutput=0",
					"JucePlugin_IsMidiEffect=0",
					"JucePlugin_EditorRequiresKeyboardFocus=0",
					"JucePlugin_Version=1.0.0",
					"JucePlugin_VersionCode=0x10000",
					"JucePlugin_VersionString=\\\"1.0.0\\\"",
					"JucePlugin_VSTUniqueID=JucePlugin_PluginCode",
					"JucePlugin_VSTCategory=kPlugCategSynth",
					"JucePlugin_Vst3Category=\\\"Instrument|Synth\\\"",
					"JucePlugin_AUMainType='aumu'",
					"JucePlugin_AUSubType=JucePlugin_PluginCode",
					"JucePlugin_AUExportPrefix=LoopoAU",
					"JucePlugin_AUExportPrefixQuoted=\\\"LoopoAU\\\"",
					"JucePlugin_AUManufacturerCode=JucePlugin_ManufacturerCode",
					"JucePlugin_CFBundleIdentifier=com.JUCE.Loopo",
					"JucePlugin_RTASCategory=2048",
					"JucePlugin_RTASManufacturerCode=JucePlugin_ManufacturerCode",
					"JucePlugin_RTASProductId=JucePlugin_PluginCode",
					"JucePlugin_RTASDisableBypass=0",
					"JucePlugin_RTASDisableMultiMono=0",
					"JucePlugin_AAXIdentifier=com.JUCE.Loopo",
					"JucePlugin_AAXManufacturerCode=JucePlugin_ManufacturerCode",
					"JucePlugin_AAXProductId=JucePlugin_PluginCode",
					"JucePlugin_AAXCategory=2048",
					"JucePlugin_AAXDisableBypass=0",
					"JucePlugin_AAXDisableMultiMono=0",
					"JucePlugin_IAAType=0x61757269",
					"JucePlugin_IAASubType=JucePlugin_PluginCode",
					"JucePlugin_IAAName=\\\"JUCE:\\ Loopo\\\"",
					"JucePlugin_VSTNumMidiInputs=16",
					"JucePlugin_VSTNumMidiOutputs=16",
					"JUCE_STANDALONE_APPLICATION=JucePlugin_Build_Standalone",
					"PIP_JUCE_EXAMPLES_DIRECTORY=L1VzZXJzL2dtdC9KVUNFL2V4YW1wbGVz",
					"JUCER_XCODE_MAC_F6D2F4CF=1",
					"JUCE_APP_VERSION=1.0.0",
					"JUCE_APP_VERSION_HEX=0x10000",
				);
				GCC_VERSION = com.apple.compilers.llvm.clang.1_0;
				GENERATE_PKGINFO_FILE = YES;
				HEADER_SEARCH_PATHS = (
					"$(HOME)/JUCE/modules/juce_audio_processors/format_types/VST3_SDK",
					"../../JuceLibraryCode",
					"$(HOME)/JUCE/modules",
					"/Users/gmt/Loopo/dist/build",
					"/Users/gmt/.stack/programs/x86_64-osx/ghc-8.6.5/lib/ghc-8.6.5/include/",
					"$(HOME)/JUCE/modules/juce_audio_plugin_client",
					"$(inherited)",
				);
				INFOPLIST_FILE = Info-AU.plist;
				INFOPLIST_PREPROCESS = NO;
				INSTALL_PATH = "$(HOME)/Library/Audio/Plug-Ins/Components/";
				LIBRARY_SEARCH_PATHS = (
					"$(inherited)",
					"\"/Users/gmt/.cabal/lib/x86_64-osx-ghc-8.6.4/array-0.5.4.0-JTWuK1N2qV6Hp4ahtyDNgH/\"",
					"\"dist/build/\"",
					"\"/Users/gmt/.stack/programs/x86_64-osx/ghc-8.6.5/lib/ghc-8.6.5/array-0.5.3.0/\"",
					"\"/Users/gmt/.stack/programs/x86_64-osx/ghc-8.6.5/lib/ghc-8.6.5/base-4.12.0.0/\"",
					"\"/Users/gmt/.stack/programs/x86_64-osx/ghc-8.6.5/lib/ghc-8.6.5/deepseq-1.4.4.0/\"",
					"\"/Users/gmt/.stack/programs/x86_64-osx/ghc-8.6.5/lib/ghc-8.6.5/ghc-prim-0.5.3/\"",
					"\"/Users/gmt/.stack/programs/x86_64-osx/ghc-8.6.5/lib/ghc-8.6.5/integer-gmp-1.0.2.0/\"",
					"\"/Users/gmt/Loopo/.stack-work/dist/x86_64-osx/Cabal-2.4.0.1/build/\"",
					"\"/Users/gmt/.stack/snapshots/x86_64-osx/cf793d5e58850485fdeea13086f3ea038bbe5323ca0ebfe2613e5228635402ab/8.6.5/lib/x86_64-osx-ghc-8.6.5/primitive-0.6.4.0-ILgywxtLpvnAOlEISPpP5b/\"",
					"\"/Users/gmt/.stack/programs/x86_64-osx/ghc-8.6.5/lib/ghc-8.6.5/transformers-0.5.6.2/\"",
					"\"/Users/gmt/.stack/snapshots/x86_64-osx/cf793d5e58850485fdeea13086f3ea038bbe5323ca0ebfe2613e5228635402ab/8.6.5/lib/x86_64-osx-ghc-8.6.5/vector-0.12.0.3-LfvlcMFJAcY18uD1Y2O5Ig/\"",
					"\"/Users/gmt/.stack/programs/x86_64-osx/ghc-8.6.5/lib/ghc-8.6.5/rts/\"",
					"\"/Users/gmt/.stack/programs/x86_64-osx/ghc-8.6.5/lib/ghc-8.6.5/rts/\"",
				);
				LIBRARY_STYLE = Bundle;
				MACOSX_DEPLOYMENT_TARGET = 10.12;
				MTL_HEADER_SEARCH_PATHS = (
					"$(HOME)/JUCE/modules/juce_audio_processors/format_types/VST3_SDK",
					"../../JuceLibraryCode",
					"$(HOME)/JUCE/modules",
					"/Users/gmt/Loopo/dist/build",
					"/Users/gmt/.stack/programs/x86_64-osx/ghc-8.6.5/lib/ghc-8.6.5/include/",
					"$(HOME)/JUCE/modules/juce_audio_plugin_client",
				);
				OTHER_CPLUSPLUSFLAGS = "-Wno-shorten-64-to-32";
				OTHER_LDFLAGS = "-bundle -lSamplerPlugin -lHSarray-0.5.4.0-JTWuK1N2qV6Hp4ahtyDNgH -lHSbase-4.12.0.0 -lHSdeepseq-1.4.4.0 -lHSghc-prim-0.5.3 -lHSinteger-gmp-1.0.2.0 -lHSloopo-0.1.0.0-Ifmrv7z06Z06fwlEFBXnpU -lHSprimitive-0.6.4.0-ILgywxtLpvnAOlEISPpP5b -lHStransformers-0.5.6.2 -lHSvector-0.12.0.3-LfvlcMFJAcY18uD1Y2O5Ig -lCffi -lHSrts -liconv -Wl,-no_compact_unwind";
				OTHER_REZFLAGS = "-d ppc_$ppc -d i386_$i386 -d ppc64_$ppc64 -d x86_64_$x86_64 -I /System/Library/Frameworks/CoreServices.framework/Frameworks/CarbonCore.framework/Versions/A/Headers -I \"$(DEVELOPER_DIR)/Extras/CoreAudio/AudioUnits/AUPublic/AUBase\" -I \"$(DEVELOPER_DIR)/Platforms/MacOSX.platform/Developer/SDKs/MacOSX.sdk/System/Library/Frameworks/AudioUnit.framework/Headers\"";
				PRODUCT_BUNDLE_IDENTIFIER = com.JUCE.Loopo;
				PRODUCT_NAME = "SamplerPlugin";
				USE_HEADERMAP = NO;
				VALID_ARCHS = "i386 x86_64 arm64 arm64e";
				WRAPPER_EXTENSION = component;
			};
			name = Debug;
		};
		0A3E715293A1152F372AE8B9 = {
			isa = XCBuildConfiguration;
			buildSettings = {
				CLANG_CXX_LANGUAGE_STANDARD = "c++14";
				CLANG_CXX_LIBRARY = "libc++";
				CLANG_LINK_OBJC_RUNTIME = NO;
				CODE_SIGN_IDENTITY = "";
				COMBINE_HIDPI_IMAGES = YES;
				CONFIGURATION_BUILD_DIR = "$(PROJECT_DIR)/build/$(CONFIGURATION)";
				DEAD_CODE_STRIPPING = YES;
				DEPLOYMENT_LOCATION = YES;
				DSTROOT = /;
				GCC_GENERATE_DEBUGGING_SYMBOLS = NO;
				GCC_OPTIMIZATION_LEVEL = 3;
				GCC_PREPROCESSOR_DEFINITIONS = (
					"_NDEBUG=1",
					"NDEBUG=1",
					"JUCE_DISPLAY_SPLASH_SCREEN=1",
					"JUCE_USE_DARK_SPLASH_SCREEN=1",
					"JUCE_PROJUCER_VERSION=0x60005",
					"JUCE_MODULE_AVAILABLE_juce_audio_basics=1",
					"JUCE_MODULE_AVAILABLE_juce_audio_devices=1",
					"JUCE_MODULE_AVAILABLE_juce_audio_formats=1",
					"JUCE_MODULE_AVAILABLE_juce_audio_plugin_client=1",
					"JUCE_MODULE_AVAILABLE_juce_audio_processors=1",
					"JUCE_MODULE_AVAILABLE_juce_audio_utils=1",
					"JUCE_MODULE_AVAILABLE_juce_core=1",
					"JUCE_MODULE_AVAILABLE_juce_data_structures=1",
					"JUCE_MODULE_AVAILABLE_juce_events=1",
					"JUCE_MODULE_AVAILABLE_juce_graphics=1",
					"JUCE_MODULE_AVAILABLE_juce_gui_basics=1",
					"JUCE_MODULE_AVAILABLE_juce_gui_extra=1",
					"JUCE_GLOBAL_MODULE_SETTINGS_INCLUDED=1",
					"JUCE_VST3_CAN_REPLACE_VST2=0",
					"JUCE_STRICT_REFCOUNTEDPOINTER=1",
					"JucePlugin_Build_VST=0",
					"JucePlugin_Build_VST3=0",
					"JucePlugin_Build_AU=1",
					"JucePlugin_Build_AUv3=0",
					"JucePlugin_Build_RTAS=0",
					"JucePlugin_Build_AAX=0",
					"JucePlugin_Build_Standalone=0",
					"JucePlugin_Build_Unity=0",
					"JucePlugin_Enable_IAA=0",
					"JucePlugin_Name=\\\"Loopo\\\"",
					"JucePlugin_Desc=\\\"Loopo\\\"",
					"JucePlugin_Manufacturer=\\\"JUCE\\\"",
					"JucePlugin_ManufacturerWebsite=\\\"http://juce.com\\\"",
					"JucePlugin_ManufacturerEmail=\\\"\\\"",
					"JucePlugin_ManufacturerCode=0x4d616e75",
					"JucePlugin_PluginCode=0x50703267",
					"JucePlugin_IsSynth=1",
					"JucePlugin_WantsMidiInput=1",
					"JucePlugin_ProducesMidiOutput=0",
					"JucePlugin_IsMidiEffect=0",
					"JucePlugin_EditorRequiresKeyboardFocus=0",
					"JucePlugin_Version=1.0.0",
					"JucePlugin_VersionCode=0x10000",
					"JucePlugin_VersionString=\\\"1.0.0\\\"",
					"JucePlugin_VSTUniqueID=JucePlugin_PluginCode",
					"JucePlugin_VSTCategory=kPlugCategSynth",
					"JucePlugin_Vst3Category=\\\"Instrument|Synth\\\"",
					"JucePlugin_AUMainType='aumu'",
					"JucePlugin_AUSubType=JucePlugin_PluginCode",
					"JucePlugin_AUExportPrefix=LoopoAU",
					"JucePlugin_AUExportPrefixQuoted=\\\"LoopoAU\\\"",
					"JucePlugin_AUManufacturerCode=JucePlugin_ManufacturerCode",
					"JucePlugin_CFBundleIdentifier=com.JUCE.Loopo",
					"JucePlugin_RTASCategory=2048",
					"JucePlugin_RTASManufacturerCode=JucePlugin_ManufacturerCode",
					"JucePlugin_RTASProductId=JucePlugin_PluginCode",
					"JucePlugin_RTASDisableBypass=0",
					"JucePlugin_RTASDisableMultiMono=0",
					"JucePlugin_AAXIdentifier=com.JUCE.Loopo",
					"JucePlugin_AAXManufacturerCode=JucePlugin_ManufacturerCode",
					"JucePlugin_AAXProductId=JucePlugin_PluginCode",
					"JucePlugin_AAXCategory=2048",
					"JucePlugin_AAXDisableBypass=0",
					"JucePlugin_AAXDisableMultiMono=0",
					"JucePlugin_IAAType=0x61757269",
					"JucePlugin_IAASubType=JucePlugin_PluginCode",
					"JucePlugin_IAAName=\\\"JUCE:\\ Loopo\\\"",
					"JucePlugin_VSTNumMidiInputs=16",
					"JucePlugin_VSTNumMidiOutputs=16",
					"JUCE_STANDALONE_APPLICATION=JucePlugin_Build_Standalone",
					"PIP_JUCE_EXAMPLES_DIRECTORY=L1VzZXJzL2dtdC9KVUNFL2V4YW1wbGVz",
					"JUCER_XCODE_MAC_F6D2F4CF=1",
					"JUCE_APP_VERSION=1.0.0",
					"JUCE_APP_VERSION_HEX=0x10000",
				);
				GCC_VERSION = com.apple.compilers.llvm.clang.1_0;
				GENERATE_PKGINFO_FILE = YES;
				HEADER_SEARCH_PATHS = (
					"$(HOME)/JUCE/modules/juce_audio_processors/format_types/VST3_SDK",
					"../../JuceLibraryCode",
					"$(HOME)/JUCE/modules",
					"/Users/gmt/Loopo/dist/build",
					"/Users/gmt/.stack/programs/x86_64-osx/ghc-8.6.5/lib/ghc-8.6.5/include/",
					"$(HOME)/JUCE/modules/juce_audio_plugin_client",
					"$(inherited)",
				);
				INFOPLIST_FILE = Info-AU.plist;
				INFOPLIST_PREPROCESS = NO;
				INSTALL_PATH = "$(HOME)/Library/Audio/Plug-Ins/Components/";
				LIBRARY_SEARCH_PATHS = (
					"$(inherited)",
					"\"/Users/gmt/.cabal/lib/x86_64-osx-ghc-8.6.4/array-0.5.4.0-JTWuK1N2qV6Hp4ahtyDNgH/\"",
					"\"dist/build/\"",
					"\"/Users/gmt/.stack/programs/x86_64-osx/ghc-8.6.5/lib/ghc-8.6.5/array-0.5.3.0/\"",
					"\"/Users/gmt/.stack/programs/x86_64-osx/ghc-8.6.5/lib/ghc-8.6.5/base-4.12.0.0/\"",
					"\"/Users/gmt/.stack/programs/x86_64-osx/ghc-8.6.5/lib/ghc-8.6.5/deepseq-1.4.4.0/\"",
					"\"/Users/gmt/.stack/programs/x86_64-osx/ghc-8.6.5/lib/ghc-8.6.5/ghc-prim-0.5.3/\"",
					"\"/Users/gmt/.stack/programs/x86_64-osx/ghc-8.6.5/lib/ghc-8.6.5/integer-gmp-1.0.2.0/\"",
					"\"/Users/gmt/Loopo/.stack-work/dist/x86_64-osx/Cabal-2.4.0.1/build/\"",
					"\"/Users/gmt/.stack/snapshots/x86_64-osx/cf793d5e58850485fdeea13086f3ea038bbe5323ca0ebfe2613e5228635402ab/8.6.5/lib/x86_64-osx-ghc-8.6.5/primitive-0.6.4.0-ILgywxtLpvnAOlEISPpP5b/\"",
					"\"/Users/gmt/.stack/programs/x86_64-osx/ghc-8.6.5/lib/ghc-8.6.5/transformers-0.5.6.2/\"",
					"\"/Users/gmt/.stack/snapshots/x86_64-osx/cf793d5e58850485fdeea13086f3ea038bbe5323ca0ebfe2613e5228635402ab/8.6.5/lib/x86_64-osx-ghc-8.6.5/vector-0.12.0.3-LfvlcMFJAcY18uD1Y2O5Ig/\"",
					"\"/Users/gmt/.stack/programs/x86_64-osx/ghc-8.6.5/lib/ghc-8.6.5/rts/\"",
					"\"/Users/gmt/.stack/programs/x86_64-osx/ghc-8.6.5/lib/ghc-8.6.5/rts/\"",
				);
				LIBRARY_STYLE = Bundle;
				LLVM_LTO = YES;
				MACOSX_DEPLOYMENT_TARGET = 10.12;
				MTL_HEADER_SEARCH_PATHS = (
					"$(HOME)/JUCE/modules/juce_audio_processors/format_types/VST3_SDK",
					"../../JuceLibraryCode",
					"$(HOME)/JUCE/modules",
					"/Users/gmt/Loopo/dist/build",
					"/Users/gmt/.stack/programs/x86_64-osx/ghc-8.6.5/lib/ghc-8.6.5/include/",
					"$(HOME)/JUCE/modules/juce_audio_plugin_client",
				);
				OTHER_CPLUSPLUSFLAGS = "-Wno-shorten-64-to-32";
				OTHER_LDFLAGS = "-bundle -lSamplerPlugin -lHSarray-0.5.4.0-JTWuK1N2qV6Hp4ahtyDNgH -lHSbase-4.12.0.0 -lHSdeepseq-1.4.4.0 -lHSghc-prim-0.5.3 -lHSinteger-gmp-1.0.2.0 -lHSloopo-0.1.0.0-Ifmrv7z06Z06fwlEFBXnpU -lHSprimitive-0.6.4.0-ILgywxtLpvnAOlEISPpP5b -lHStransformers-0.5.6.2 -lHSvector-0.12.0.3-LfvlcMFJAcY18uD1Y2O5Ig -lCffi -lHSrts -liconv -Wl,-no_compact_unwind";
				OTHER_REZFLAGS = "-d ppc_$ppc -d i386_$i386 -d ppc64_$ppc64 -d x86_64_$x86_64 -I /System/Library/Frameworks/CoreServices.framework/Frameworks/CarbonCore.framework/Versions/A/Headers -I \"$(DEVELOPER_DIR)/Extras/CoreAudio/AudioUnits/AUPublic/AUBase\" -I \"$(DEVELOPER_DIR)/Platforms/MacOSX.platform/Developer/SDKs/MacOSX.sdk/System/Library/Frameworks/AudioUnit.framework/Headers\"";
				PRODUCT_BUNDLE_IDENTIFIER = com.JUCE.Loopo;
				PRODUCT_NAME = "SamplerPlugin";
				USE_HEADERMAP = NO;
				VALID_ARCHS = "i386 x86_64 arm64 arm64e";
				WRAPPER_EXTENSION = component;
			};
			name = Release;
		};
		5170C1884A03F1C4951914D4 = {
			isa = XCBuildConfiguration;
			buildSettings = {
				CLANG_CXX_LANGUAGE_STANDARD = "c++14";
				CLANG_CXX_LIBRARY = "libc++";
				CLANG_LINK_OBJC_RUNTIME = NO;
				CODE_SIGN_IDENTITY = "";
				COMBINE_HIDPI_IMAGES = YES;
				CONFIGURATION_BUILD_DIR = "$(PROJECT_DIR)/build/$(CONFIGURATION)";
				COPY_PHASE_STRIP = NO;
				GCC_DYNAMIC_NO_PIC = NO;
				GCC_OPTIMIZATION_LEVEL = 0;
				GCC_PREPROCESSOR_DEFINITIONS = (
					"_DEBUG=1",
					"DEBUG=1",
					"JUCE_DISPLAY_SPLASH_SCREEN=1",
					"JUCE_USE_DARK_SPLASH_SCREEN=1",
					"JUCE_PROJUCER_VERSION=0x60005",
					"JUCE_MODULE_AVAILABLE_juce_audio_basics=1",
					"JUCE_MODULE_AVAILABLE_juce_audio_devices=1",
					"JUCE_MODULE_AVAILABLE_juce_audio_formats=1",
					"JUCE_MODULE_AVAILABLE_juce_audio_plugin_client=1",
					"JUCE_MODULE_AVAILABLE_juce_audio_processors=1",
					"JUCE_MODULE_AVAILABLE_juce_audio_utils=1",
					"JUCE_MODULE_AVAILABLE_juce_core=1",
					"JUCE_MODULE_AVAILABLE_juce_data_structures=1",
					"JUCE_MODULE_AVAILABLE_juce_events=1",
					"JUCE_MODULE_AVAILABLE_juce_graphics=1",
					"JUCE_MODULE_AVAILABLE_juce_gui_basics=1",
					"JUCE_MODULE_AVAILABLE_juce_gui_extra=1",
					"JUCE_GLOBAL_MODULE_SETTINGS_INCLUDED=1",
					"JUCE_VST3_CAN_REPLACE_VST2=0",
					"JUCE_STRICT_REFCOUNTEDPOINTER=1",
					"JucePlugin_Build_VST=0",
					"JucePlugin_Build_VST3=0",
					"JucePlugin_Build_AU=0",
					"JucePlugin_Build_AUv3=0",
					"JucePlugin_Build_RTAS=0",
					"JucePlugin_Build_AAX=0",
					"JucePlugin_Build_Standalone=1",
					"JucePlugin_Build_Unity=0",
					"JucePlugin_Enable_IAA=0",
					"JucePlugin_Name=\\\"Loopo\\\"",
					"JucePlugin_Desc=\\\"Loopo\\\"",
					"JucePlugin_Manufacturer=\\\"JUCE\\\"",
					"JucePlugin_ManufacturerWebsite=\\\"http://juce.com\\\"",
					"JucePlugin_ManufacturerEmail=\\\"\\\"",
					"JucePlugin_ManufacturerCode=0x4d616e75",
					"JucePlugin_PluginCode=0x50703267",
					"JucePlugin_IsSynth=1",
					"JucePlugin_WantsMidiInput=1",
					"JucePlugin_ProducesMidiOutput=0",
					"JucePlugin_IsMidiEffect=0",
					"JucePlugin_EditorRequiresKeyboardFocus=0",
					"JucePlugin_Version=1.0.0",
					"JucePlugin_VersionCode=0x10000",
					"JucePlugin_VersionString=\\\"1.0.0\\\"",
					"JucePlugin_VSTUniqueID=JucePlugin_PluginCode",
					"JucePlugin_VSTCategory=kPlugCategSynth",
					"JucePlugin_Vst3Category=\\\"Instrument|Synth\\\"",
					"JucePlugin_AUMainType='aumu'",
					"JucePlugin_AUSubType=JucePlugin_PluginCode",
					"JucePlugin_AUExportPrefix=LoopoAU",
					"JucePlugin_AUExportPrefixQuoted=\\\"LoopoAU\\\"",
					"JucePlugin_AUManufacturerCode=JucePlugin_ManufacturerCode",
					"JucePlugin_CFBundleIdentifier=com.JUCE.Loopo",
					"JucePlugin_RTASCategory=2048",
					"JucePlugin_RTASManufacturerCode=JucePlugin_ManufacturerCode",
					"JucePlugin_RTASProductId=JucePlugin_PluginCode",
					"JucePlugin_RTASDisableBypass=0",
					"JucePlugin_RTASDisableMultiMono=0",
					"JucePlugin_AAXIdentifier=com.JUCE.Loopo",
					"JucePlugin_AAXManufacturerCode=JucePlugin_ManufacturerCode",
					"JucePlugin_AAXProductId=JucePlugin_PluginCode",
					"JucePlugin_AAXCategory=2048",
					"JucePlugin_AAXDisableBypass=0",
					"JucePlugin_AAXDisableMultiMono=0",
					"JucePlugin_IAAType=0x61757269",
					"JucePlugin_IAASubType=JucePlugin_PluginCode",
					"JucePlugin_IAAName=\\\"JUCE:\\ Loopo\\\"",
					"JucePlugin_VSTNumMidiInputs=16",
					"JucePlugin_VSTNumMidiOutputs=16",
					"JUCE_STANDALONE_APPLICATION=JucePlugin_Build_Standalone",
					"PIP_JUCE_EXAMPLES_DIRECTORY=L1VzZXJzL2dtdC9KVUNFL2V4YW1wbGVz",
					"JUCER_XCODE_MAC_F6D2F4CF=1",
					"JUCE_APP_VERSION=1.0.0",
					"JUCE_APP_VERSION_HEX=0x10000",
				);
				GCC_VERSION = com.apple.compilers.llvm.clang.1_0;
				HEADER_SEARCH_PATHS = (
					"$(HOME)/JUCE/modules/juce_audio_processors/format_types/VST3_SDK",
					"../../JuceLibraryCode",
					"$(HOME)/JUCE/modules",
					"/Users/gmt/Loopo/dist/build",
					"/Users/gmt/.stack/programs/x86_64-osx/ghc-8.6.5/lib/ghc-8.6.5/include/",
					"$(HOME)/JUCE/modules/juce_audio_plugin_client",
					"$(inherited)",
				);
				INFOPLIST_FILE = Info-Standalone_Plugin.plist;
				INFOPLIST_PREPROCESS = NO;
				LIBRARY_SEARCH_PATHS = (
					"$(inherited)",
					"\"/Users/gmt/.cabal/lib/x86_64-osx-ghc-8.6.4/array-0.5.4.0-JTWuK1N2qV6Hp4ahtyDNgH/\"",
					"\"dist/build/\"",
					"\"/Users/gmt/.stack/programs/x86_64-osx/ghc-8.6.5/lib/ghc-8.6.5/array-0.5.3.0/\"",
					"\"/Users/gmt/.stack/programs/x86_64-osx/ghc-8.6.5/lib/ghc-8.6.5/base-4.12.0.0/\"",
					"\"/Users/gmt/.stack/programs/x86_64-osx/ghc-8.6.5/lib/ghc-8.6.5/deepseq-1.4.4.0/\"",
					"\"/Users/gmt/.stack/programs/x86_64-osx/ghc-8.6.5/lib/ghc-8.6.5/ghc-prim-0.5.3/\"",
					"\"/Users/gmt/.stack/programs/x86_64-osx/ghc-8.6.5/lib/ghc-8.6.5/integer-gmp-1.0.2.0/\"",
					"\"/Users/gmt/Loopo/.stack-work/dist/x86_64-osx/Cabal-2.4.0.1/build/\"",
					"\"/Users/gmt/.stack/snapshots/x86_64-osx/cf793d5e58850485fdeea13086f3ea038bbe5323ca0ebfe2613e5228635402ab/8.6.5/lib/x86_64-osx-ghc-8.6.5/primitive-0.6.4.0-ILgywxtLpvnAOlEISPpP5b/\"",
					"\"/Users/gmt/.stack/programs/x86_64-osx/ghc-8.6.5/lib/ghc-8.6.5/transformers-0.5.6.2/\"",
					"\"/Users/gmt/.stack/snapshots/x86_64-osx/cf793d5e58850485fdeea13086f3ea038bbe5323ca0ebfe2613e5228635402ab/8.6.5/lib/x86_64-osx-ghc-8.6.5/vector-0.12.0.3-LfvlcMFJAcY18uD1Y2O5Ig/\"",
					"\"/Users/gmt/.stack/programs/x86_64-osx/ghc-8.6.5/lib/ghc-8.6.5/rts/\"",
					"\"/Users/gmt/.stack/programs/x86_64-osx/ghc-8.6.5/lib/ghc-8.6.5/rts/\"",
				);
				MACOSX_DEPLOYMENT_TARGET = 10.12;
				MTL_HEADER_SEARCH_PATHS = (
					"$(HOME)/JUCE/modules/juce_audio_processors/format_types/VST3_SDK",
					"../../JuceLibraryCode",
					"$(HOME)/JUCE/modules",
					"/Users/gmt/Loopo/dist/build",
					"/Users/gmt/.stack/programs/x86_64-osx/ghc-8.6.5/lib/ghc-8.6.5/include/",
					"$(HOME)/JUCE/modules/juce_audio_plugin_client",
				);
				OTHER_CPLUSPLUSFLAGS = "-Wno-shorten-64-to-32";
				OTHER_LDFLAGS = "-lSamplerPlugin -lHSarray-0.5.4.0-JTWuK1N2qV6Hp4ahtyDNgH -lHSbase-4.12.0.0 -lHSdeepseq-1.4.4.0 -lHSghc-prim-0.5.3 -lHSinteger-gmp-1.0.2.0 -lHSloopo-0.1.0.0-Ifmrv7z06Z06fwlEFBXnpU -lHSprimitive-0.6.4.0-ILgywxtLpvnAOlEISPpP5b -lHStransformers-0.5.6.2 -lHSvector-0.12.0.3-LfvlcMFJAcY18uD1Y2O5Ig -lCffi -lHSrts -liconv -Wl,-no_compact_unwind";
				PRODUCT_BUNDLE_IDENTIFIER = com.JUCE.Loopo;
				PRODUCT_NAME = "SamplerPlugin";
				USE_HEADERMAP = NO;
				VALID_ARCHS = "i386 x86_64 arm64 arm64e";
			};
			name = Debug;
		};
		105A9BFB5965023E1F9A1C23 = {
			isa = XCBuildConfiguration;
			buildSettings = {
				CLANG_CXX_LANGUAGE_STANDARD = "c++14";
				CLANG_CXX_LIBRARY = "libc++";
				CLANG_LINK_OBJC_RUNTIME = NO;
				CODE_SIGN_IDENTITY = "";
				COMBINE_HIDPI_IMAGES = YES;
				CONFIGURATION_BUILD_DIR = "$(PROJECT_DIR)/build/$(CONFIGURATION)";
				DEAD_CODE_STRIPPING = YES;
				GCC_GENERATE_DEBUGGING_SYMBOLS = NO;
				GCC_OPTIMIZATION_LEVEL = 3;
				GCC_PREPROCESSOR_DEFINITIONS = (
					"_NDEBUG=1",
					"NDEBUG=1",
					"JUCE_DISPLAY_SPLASH_SCREEN=1",
					"JUCE_USE_DARK_SPLASH_SCREEN=1",
					"JUCE_PROJUCER_VERSION=0x60005",
					"JUCE_MODULE_AVAILABLE_juce_audio_basics=1",
					"JUCE_MODULE_AVAILABLE_juce_audio_devices=1",
					"JUCE_MODULE_AVAILABLE_juce_audio_formats=1",
					"JUCE_MODULE_AVAILABLE_juce_audio_plugin_client=1",
					"JUCE_MODULE_AVAILABLE_juce_audio_processors=1",
					"JUCE_MODULE_AVAILABLE_juce_audio_utils=1",
					"JUCE_MODULE_AVAILABLE_juce_core=1",
					"JUCE_MODULE_AVAILABLE_juce_data_structures=1",
					"JUCE_MODULE_AVAILABLE_juce_events=1",
					"JUCE_MODULE_AVAILABLE_juce_graphics=1",
					"JUCE_MODULE_AVAILABLE_juce_gui_basics=1",
					"JUCE_MODULE_AVAILABLE_juce_gui_extra=1",
					"JUCE_GLOBAL_MODULE_SETTINGS_INCLUDED=1",
					"JUCE_VST3_CAN_REPLACE_VST2=0",
					"JUCE_STRICT_REFCOUNTEDPOINTER=1",
					"JucePlugin_Build_VST=0",
					"JucePlugin_Build_VST3=0",
					"JucePlugin_Build_AU=0",
					"JucePlugin_Build_AUv3=0",
					"JucePlugin_Build_RTAS=0",
					"JucePlugin_Build_AAX=0",
					"JucePlugin_Build_Standalone=1",
					"JucePlugin_Build_Unity=0",
					"JucePlugin_Enable_IAA=0",
					"JucePlugin_Name=\\\"Loopo\\\"",
					"JucePlugin_Desc=\\\"Loopo\\\"",
					"JucePlugin_Manufacturer=\\\"JUCE\\\"",
					"JucePlugin_ManufacturerWebsite=\\\"http://juce.com\\\"",
					"JucePlugin_ManufacturerEmail=\\\"\\\"",
					"JucePlugin_ManufacturerCode=0x4d616e75",
					"JucePlugin_PluginCode=0x50703267",
					"JucePlugin_IsSynth=1",
					"JucePlugin_WantsMidiInput=1",
					"JucePlugin_ProducesMidiOutput=0",
					"JucePlugin_IsMidiEffect=0",
					"JucePlugin_EditorRequiresKeyboardFocus=0",
					"JucePlugin_Version=1.0.0",
					"JucePlugin_VersionCode=0x10000",
					"JucePlugin_VersionString=\\\"1.0.0\\\"",
					"JucePlugin_VSTUniqueID=JucePlugin_PluginCode",
					"JucePlugin_VSTCategory=kPlugCategSynth",
					"JucePlugin_Vst3Category=\\\"Instrument|Synth\\\"",
					"JucePlugin_AUMainType='aumu'",
					"JucePlugin_AUSubType=JucePlugin_PluginCode",
					"JucePlugin_AUExportPrefix=LoopoAU",
					"JucePlugin_AUExportPrefixQuoted=\\\"LoopoAU\\\"",
					"JucePlugin_AUManufacturerCode=JucePlugin_ManufacturerCode",
					"JucePlugin_CFBundleIdentifier=com.JUCE.Loopo",
					"JucePlugin_RTASCategory=2048",
					"JucePlugin_RTASManufacturerCode=JucePlugin_ManufacturerCode",
					"JucePlugin_RTASProductId=JucePlugin_PluginCode",
					"JucePlugin_RTASDisableBypass=0",
					"JucePlugin_RTASDisableMultiMono=0",
					"JucePlugin_AAXIdentifier=com.JUCE.Loopo",
					"JucePlugin_AAXManufacturerCode=JucePlugin_ManufacturerCode",
					"JucePlugin_AAXProductId=JucePlugin_PluginCode",
					"JucePlugin_AAXCategory=2048",
					"JucePlugin_AAXDisableBypass=0",
					"JucePlugin_AAXDisableMultiMono=0",
					"JucePlugin_IAAType=0x61757269",
					"JucePlugin_IAASubType=JucePlugin_PluginCode",
					"JucePlugin_IAAName=\\\"JUCE:\\ Loopo\\\"",
					"JucePlugin_VSTNumMidiInputs=16",
					"JucePlugin_VSTNumMidiOutputs=16",
					"JUCE_STANDALONE_APPLICATION=JucePlugin_Build_Standalone",
					"PIP_JUCE_EXAMPLES_DIRECTORY=L1VzZXJzL2dtdC9KVUNFL2V4YW1wbGVz",
					"JUCER_XCODE_MAC_F6D2F4CF=1",
					"JUCE_APP_VERSION=1.0.0",
					"JUCE_APP_VERSION_HEX=0x10000",
				);
				GCC_VERSION = com.apple.compilers.llvm.clang.1_0;
				HEADER_SEARCH_PATHS = (
					"$(HOME)/JUCE/modules/juce_audio_processors/format_types/VST3_SDK",
					"../../JuceLibraryCode",
					"$(HOME)/JUCE/modules",
					"/Users/gmt/Loopo/dist/build",
					"/Users/gmt/.stack/programs/x86_64-osx/ghc-8.6.5/lib/ghc-8.6.5/include/",
					"$(HOME)/JUCE/modules/juce_audio_plugin_client",
					"$(inherited)",
				);
				INFOPLIST_FILE = Info-Standalone_Plugin.plist;
				INFOPLIST_PREPROCESS = NO;
				LIBRARY_SEARCH_PATHS = (
					"$(inherited)",
					"\"/Users/gmt/.cabal/lib/x86_64-osx-ghc-8.6.4/array-0.5.4.0-JTWuK1N2qV6Hp4ahtyDNgH/\"",
					"\"dist/build/\"",
					"\"/Users/gmt/.stack/programs/x86_64-osx/ghc-8.6.5/lib/ghc-8.6.5/array-0.5.3.0/\"",
					"\"/Users/gmt/.stack/programs/x86_64-osx/ghc-8.6.5/lib/ghc-8.6.5/base-4.12.0.0/\"",
					"\"/Users/gmt/.stack/programs/x86_64-osx/ghc-8.6.5/lib/ghc-8.6.5/deepseq-1.4.4.0/\"",
					"\"/Users/gmt/.stack/programs/x86_64-osx/ghc-8.6.5/lib/ghc-8.6.5/ghc-prim-0.5.3/\"",
					"\"/Users/gmt/.stack/programs/x86_64-osx/ghc-8.6.5/lib/ghc-8.6.5/integer-gmp-1.0.2.0/\"",
					"\"/Users/gmt/Loopo/.stack-work/dist/x86_64-osx/Cabal-2.4.0.1/build/\"",
					"\"/Users/gmt/.stack/snapshots/x86_64-osx/cf793d5e58850485fdeea13086f3ea038bbe5323ca0ebfe2613e5228635402ab/8.6.5/lib/x86_64-osx-ghc-8.6.5/primitive-0.6.4.0-ILgywxtLpvnAOlEISPpP5b/\"",
					"\"/Users/gmt/.stack/programs/x86_64-osx/ghc-8.6.5/lib/ghc-8.6.5/transformers-0.5.6.2/\"",
					"\"/Users/gmt/.stack/snapshots/x86_64-osx/cf793d5e58850485fdeea13086f3ea038bbe5323ca0ebfe2613e5228635402ab/8.6.5/lib/x86_64-osx-ghc-8.6.5/vector-0.12.0.3-LfvlcMFJAcY18uD1Y2O5Ig/\"",
					"\"/Users/gmt/.stack/programs/x86_64-osx/ghc-8.6.5/lib/ghc-8.6.5/rts/\"",
					"\"/Users/gmt/.stack/programs/x86_64-osx/ghc-8.6.5/lib/ghc-8.6.5/rts/\"",
				);
				LLVM_LTO = YES;
				MACOSX_DEPLOYMENT_TARGET = 10.12;
				MTL_HEADER_SEARCH_PATHS = (
					"$(HOME)/JUCE/modules/juce_audio_processors/format_types/VST3_SDK",
					"../../JuceLibraryCode",
					"$(HOME)/JUCE/modules",
					"/Users/gmt/Loopo/dist/build",
					"/Users/gmt/.stack/programs/x86_64-osx/ghc-8.6.5/lib/ghc-8.6.5/include/",
					"$(HOME)/JUCE/modules/juce_audio_plugin_client",
				);
				OTHER_CPLUSPLUSFLAGS = "-Wno-shorten-64-to-32";
				OTHER_LDFLAGS = "-lSamplerPlugin -lHSarray-0.5.4.0-JTWuK1N2qV6Hp4ahtyDNgH -lHSbase-4.12.0.0 -lHSdeepseq-1.4.4.0 -lHSghc-prim-0.5.3 -lHSinteger-gmp-1.0.2.0 -lHSloopo-0.1.0.0-Ifmrv7z06Z06fwlEFBXnpU -lHSprimitive-0.6.4.0-ILgywxtLpvnAOlEISPpP5b -lHStransformers-0.5.6.2 -lHSvector-0.12.0.3-LfvlcMFJAcY18uD1Y2O5Ig -lCffi -lHSrts -liconv -Wl,-no_compact_unwind";
				PRODUCT_BUNDLE_IDENTIFIER = com.JUCE.Loopo;
				PRODUCT_NAME = "SamplerPlugin";
				USE_HEADERMAP = NO;
				VALID_ARCHS = "i386 x86_64 arm64 arm64e";
			};
			name = Release;
		};
		88EE003C141C2796636CF94E = {
			isa = XCBuildConfiguration;
			buildSettings = {
				CLANG_CXX_LANGUAGE_STANDARD = "c++14";
				CLANG_CXX_LIBRARY = "libc++";
				CLANG_LINK_OBJC_RUNTIME = NO;
				CODE_SIGN_IDENTITY = "";
				COMBINE_HIDPI_IMAGES = YES;
				CONFIGURATION_BUILD_DIR = "$(PROJECT_DIR)/build/$(CONFIGURATION)";
				COPY_PHASE_STRIP = NO;
				GCC_DYNAMIC_NO_PIC = NO;
				GCC_OPTIMIZATION_LEVEL = 0;
				GCC_PREPROCESSOR_DEFINITIONS = (
					"_DEBUG=1",
					"DEBUG=1",
					"JUCE_DISPLAY_SPLASH_SCREEN=1",
					"JUCE_USE_DARK_SPLASH_SCREEN=1",
					"JUCE_PROJUCER_VERSION=0x60005",
					"JUCE_MODULE_AVAILABLE_juce_audio_basics=1",
					"JUCE_MODULE_AVAILABLE_juce_audio_devices=1",
					"JUCE_MODULE_AVAILABLE_juce_audio_formats=1",
					"JUCE_MODULE_AVAILABLE_juce_audio_plugin_client=1",
					"JUCE_MODULE_AVAILABLE_juce_audio_processors=1",
					"JUCE_MODULE_AVAILABLE_juce_audio_utils=1",
					"JUCE_MODULE_AVAILABLE_juce_core=1",
					"JUCE_MODULE_AVAILABLE_juce_data_structures=1",
					"JUCE_MODULE_AVAILABLE_juce_events=1",
					"JUCE_MODULE_AVAILABLE_juce_graphics=1",
					"JUCE_MODULE_AVAILABLE_juce_gui_basics=1",
					"JUCE_MODULE_AVAILABLE_juce_gui_extra=1",
					"JUCE_GLOBAL_MODULE_SETTINGS_INCLUDED=1",
					"JUCE_VST3_CAN_REPLACE_VST2=0",
					"JUCE_STRICT_REFCOUNTEDPOINTER=1",
					"JucePlugin_Build_VST=0",
					"JucePlugin_Build_VST3=1",
					"JucePlugin_Build_AU=1",
					"JucePlugin_Build_AUv3=0",
					"JucePlugin_Build_RTAS=0",
					"JucePlugin_Build_AAX=0",
					"JucePlugin_Build_Standalone=1",
					"JucePlugin_Build_Unity=0",
					"JucePlugin_Enable_IAA=0",
					"JucePlugin_Name=\\\"Loopo\\\"",
					"JucePlugin_Desc=\\\"Loopo\\\"",
					"JucePlugin_Manufacturer=\\\"JUCE\\\"",
					"JucePlugin_ManufacturerWebsite=\\\"http://juce.com\\\"",
					"JucePlugin_ManufacturerEmail=\\\"\\\"",
					"JucePlugin_ManufacturerCode=0x4d616e75",
					"JucePlugin_PluginCode=0x50703267",
					"JucePlugin_IsSynth=1",
					"JucePlugin_WantsMidiInput=1",
					"JucePlugin_ProducesMidiOutput=0",
					"JucePlugin_IsMidiEffect=0",
					"JucePlugin_EditorRequiresKeyboardFocus=0",
					"JucePlugin_Version=1.0.0",
					"JucePlugin_VersionCode=0x10000",
					"JucePlugin_VersionString=\\\"1.0.0\\\"",
					"JucePlugin_VSTUniqueID=JucePlugin_PluginCode",
					"JucePlugin_VSTCategory=kPlugCategSynth",
					"JucePlugin_Vst3Category=\\\"Instrument|Synth\\\"",
					"JucePlugin_AUMainType='aumu'",
					"JucePlugin_AUSubType=JucePlugin_PluginCode",
					"JucePlugin_AUExportPrefix=LoopoAU",
					"JucePlugin_AUExportPrefixQuoted=\\\"LoopoAU\\\"",
					"JucePlugin_AUManufacturerCode=JucePlugin_ManufacturerCode",
					"JucePlugin_CFBundleIdentifier=com.JUCE.Loopo",
					"JucePlugin_RTASCategory=2048",
					"JucePlugin_RTASManufacturerCode=JucePlugin_ManufacturerCode",
					"JucePlugin_RTASProductId=JucePlugin_PluginCode",
					"JucePlugin_RTASDisableBypass=0",
					"JucePlugin_RTASDisableMultiMono=0",
					"JucePlugin_AAXIdentifier=com.JUCE.Loopo",
					"JucePlugin_AAXManufacturerCode=JucePlugin_ManufacturerCode",
					"JucePlugin_AAXProductId=JucePlugin_PluginCode",
					"JucePlugin_AAXCategory=2048",
					"JucePlugin_AAXDisableBypass=0",
					"JucePlugin_AAXDisableMultiMono=0",
					"JucePlugin_IAAType=0x61757269",
					"JucePlugin_IAASubType=JucePlugin_PluginCode",
					"JucePlugin_IAAName=\\\"JUCE:\\ Loopo\\\"",
					"JucePlugin_VSTNumMidiInputs=16",
					"JucePlugin_VSTNumMidiOutputs=16",
					"JUCE_STANDALONE_APPLICATION=JucePlugin_Build_Standalone",
					"PIP_JUCE_EXAMPLES_DIRECTORY=L1VzZXJzL2dtdC9KVUNFL2V4YW1wbGVz",
					"JUCER_XCODE_MAC_F6D2F4CF=1",
					"JUCE_APP_VERSION=1.0.0",
					"JUCE_APP_VERSION_HEX=0x10000",
					"JUCE_SHARED_CODE=1",
				);
				GCC_VERSION = com.apple.compilers.llvm.clang.1_0;
				HEADER_SEARCH_PATHS = (
					"$(HOME)/JUCE/modules/juce_audio_processors/format_types/VST3_SDK",
					"../../JuceLibraryCode",
					"$(HOME)/JUCE/modules",
					"/Users/gmt/Loopo/dist/build",
					"/Users/gmt/.stack/programs/x86_64-osx/ghc-8.6.5/lib/ghc-8.6.5/include/",
					"$(HOME)/JUCE/modules/juce_audio_plugin_client",
					"$(inherited)",
				);
				INSTALL_PATH = "@executable_path/../Frameworks";
				LIBRARY_SEARCH_PATHS = (
					"$(inherited)",
					"\"/Users/gmt/.cabal/lib/x86_64-osx-ghc-8.6.4/array-0.5.4.0-JTWuK1N2qV6Hp4ahtyDNgH/\"",
					"\"dist/build/\"",
					"\"/Users/gmt/.stack/programs/x86_64-osx/ghc-8.6.5/lib/ghc-8.6.5/array-0.5.3.0/\"",
					"\"/Users/gmt/.stack/programs/x86_64-osx/ghc-8.6.5/lib/ghc-8.6.5/base-4.12.0.0/\"",
					"\"/Users/gmt/.stack/programs/x86_64-osx/ghc-8.6.5/lib/ghc-8.6.5/deepseq-1.4.4.0/\"",
					"\"/Users/gmt/.stack/programs/x86_64-osx/ghc-8.6.5/lib/ghc-8.6.5/ghc-prim-0.5.3/\"",
					"\"/Users/gmt/.stack/programs/x86_64-osx/ghc-8.6.5/lib/ghc-8.6.5/integer-gmp-1.0.2.0/\"",
					"\"/Users/gmt/Loopo/.stack-work/dist/x86_64-osx/Cabal-2.4.0.1/build/\"",
					"\"/Users/gmt/.stack/snapshots/x86_64-osx/cf793d5e58850485fdeea13086f3ea038bbe5323ca0ebfe2613e5228635402ab/8.6.5/lib/x86_64-osx-ghc-8.6.5/primitive-0.6.4.0-ILgywxtLpvnAOlEISPpP5b/\"",
					"\"/Users/gmt/.stack/programs/x86_64-osx/ghc-8.6.5/lib/ghc-8.6.5/transformers-0.5.6.2/\"",
					"\"/Users/gmt/.stack/snapshots/x86_64-osx/cf793d5e58850485fdeea13086f3ea038bbe5323ca0ebfe2613e5228635402ab/8.6.5/lib/x86_64-osx-ghc-8.6.5/vector-0.12.0.3-LfvlcMFJAcY18uD1Y2O5Ig/\"",
					"\"/Users/gmt/.stack/programs/x86_64-osx/ghc-8.6.5/lib/ghc-8.6.5/rts/\"",
					"\"/Users/gmt/.stack/programs/x86_64-osx/ghc-8.6.5/lib/ghc-8.6.5/rts/\"",
				);
				MACOSX_DEPLOYMENT_TARGET = 10.12;
				MTL_HEADER_SEARCH_PATHS = (
					"$(HOME)/JUCE/modules/juce_audio_processors/format_types/VST3_SDK",
					"../../JuceLibraryCode",
					"$(HOME)/JUCE/modules",
					"/Users/gmt/Loopo/dist/build",
					"/Users/gmt/.stack/programs/x86_64-osx/ghc-8.6.5/lib/ghc-8.6.5/include/",
					"$(HOME)/JUCE/modules/juce_audio_plugin_client",
				);
				OTHER_CPLUSPLUSFLAGS = "-Wno-shorten-64-to-32";
				OTHER_LDFLAGS = "-Wl,-no_compact_unwind";
				PRODUCT_BUNDLE_IDENTIFIER = com.JUCE.Loopo;
				PRODUCT_NAME = "SamplerPlugin";
				SKIP_INSTALL = YES;
				USE_HEADERMAP = NO;
				VALID_ARCHS = "i386 x86_64 arm64 arm64e";
			};
			name = Debug;
		};
		33E891358D1E975C0F6E471F = {
			isa = XCBuildConfiguration;
			buildSettings = {
				CLANG_CXX_LANGUAGE_STANDARD = "c++14";
				CLANG_CXX_LIBRARY = "libc++";
				CLANG_LINK_OBJC_RUNTIME = NO;
				CODE_SIGN_IDENTITY = "";
				COMBINE_HIDPI_IMAGES = YES;
				CONFIGURATION_BUILD_DIR = "$(PROJECT_DIR)/build/$(CONFIGURATION)";
				DEAD_CODE_STRIPPING = YES;
				GCC_GENERATE_DEBUGGING_SYMBOLS = NO;
				GCC_OPTIMIZATION_LEVEL = 3;
				GCC_PREPROCESSOR_DEFINITIONS = (
					"_NDEBUG=1",
					"NDEBUG=1",
					"JUCE_DISPLAY_SPLASH_SCREEN=1",
					"JUCE_USE_DARK_SPLASH_SCREEN=1",
					"JUCE_PROJUCER_VERSION=0x60005",
					"JUCE_MODULE_AVAILABLE_juce_audio_basics=1",
					"JUCE_MODULE_AVAILABLE_juce_audio_devices=1",
					"JUCE_MODULE_AVAILABLE_juce_audio_formats=1",
					"JUCE_MODULE_AVAILABLE_juce_audio_plugin_client=1",
					"JUCE_MODULE_AVAILABLE_juce_audio_processors=1",
					"JUCE_MODULE_AVAILABLE_juce_audio_utils=1",
					"JUCE_MODULE_AVAILABLE_juce_core=1",
					"JUCE_MODULE_AVAILABLE_juce_data_structures=1",
					"JUCE_MODULE_AVAILABLE_juce_events=1",
					"JUCE_MODULE_AVAILABLE_juce_graphics=1",
					"JUCE_MODULE_AVAILABLE_juce_gui_basics=1",
					"JUCE_MODULE_AVAILABLE_juce_gui_extra=1",
					"JUCE_GLOBAL_MODULE_SETTINGS_INCLUDED=1",
					"JUCE_VST3_CAN_REPLACE_VST2=0",
					"JUCE_STRICT_REFCOUNTEDPOINTER=1",
					"JucePlugin_Build_VST=0",
					"JucePlugin_Build_VST3=1",
					"JucePlugin_Build_AU=1",
					"JucePlugin_Build_AUv3=0",
					"JucePlugin_Build_RTAS=0",
					"JucePlugin_Build_AAX=0",
					"JucePlugin_Build_Standalone=1",
					"JucePlugin_Build_Unity=0",
					"JucePlugin_Enable_IAA=0",
					"JucePlugin_Name=\\\"Loopo\\\"",
					"JucePlugin_Desc=\\\"Loopo\\\"",
					"JucePlugin_Manufacturer=\\\"JUCE\\\"",
					"JucePlugin_ManufacturerWebsite=\\\"http://juce.com\\\"",
					"JucePlugin_ManufacturerEmail=\\\"\\\"",
					"JucePlugin_ManufacturerCode=0x4d616e75",
					"JucePlugin_PluginCode=0x50703267",
					"JucePlugin_IsSynth=1",
					"JucePlugin_WantsMidiInput=1",
					"JucePlugin_ProducesMidiOutput=0",
					"JucePlugin_IsMidiEffect=0",
					"JucePlugin_EditorRequiresKeyboardFocus=0",
					"JucePlugin_Version=1.0.0",
					"JucePlugin_VersionCode=0x10000",
					"JucePlugin_VersionString=\\\"1.0.0\\\"",
					"JucePlugin_VSTUniqueID=JucePlugin_PluginCode",
					"JucePlugin_VSTCategory=kPlugCategSynth",
					"JucePlugin_Vst3Category=\\\"Instrument|Synth\\\"",
					"JucePlugin_AUMainType='aumu'",
					"JucePlugin_AUSubType=JucePlugin_PluginCode",
					"JucePlugin_AUExportPrefix=LoopoAU",
					"JucePlugin_AUExportPrefixQuoted=\\\"LoopoAU\\\"",
					"JucePlugin_AUManufacturerCode=JucePlugin_ManufacturerCode",
					"JucePlugin_CFBundleIdentifier=com.JUCE.Loopo",
					"JucePlugin_RTASCategory=2048",
					"JucePlugin_RTASManufacturerCode=JucePlugin_ManufacturerCode",
					"JucePlugin_RTASProductId=JucePlugin_PluginCode",
					"JucePlugin_RTASDisableBypass=0",
					"JucePlugin_RTASDisableMultiMono=0",
					"JucePlugin_AAXIdentifier=com.JUCE.Loopo",
					"JucePlugin_AAXManufacturerCode=JucePlugin_ManufacturerCode",
					"JucePlugin_AAXProductId=JucePlugin_PluginCode",
					"JucePlugin_AAXCategory=2048",
					"JucePlugin_AAXDisableBypass=0",
					"JucePlugin_AAXDisableMultiMono=0",
					"JucePlugin_IAAType=0x61757269",
					"JucePlugin_IAASubType=JucePlugin_PluginCode",
					"JucePlugin_IAAName=\\\"JUCE:\\ Loopo\\\"",
					"JucePlugin_VSTNumMidiInputs=16",
					"JucePlugin_VSTNumMidiOutputs=16",
					"JUCE_STANDALONE_APPLICATION=JucePlugin_Build_Standalone",
					"PIP_JUCE_EXAMPLES_DIRECTORY=L1VzZXJzL2dtdC9KVUNFL2V4YW1wbGVz",
					"JUCER_XCODE_MAC_F6D2F4CF=1",
					"JUCE_APP_VERSION=1.0.0",
					"JUCE_APP_VERSION_HEX=0x10000",
					"JUCE_SHARED_CODE=1",
				);
				GCC_VERSION = com.apple.compilers.llvm.clang.1_0;
				HEADER_SEARCH_PATHS = (
					"$(HOME)/JUCE/modules/juce_audio_processors/format_types/VST3_SDK",
					"../../JuceLibraryCode",
					"$(HOME)/JUCE/modules",
					"/Users/gmt/Loopo/dist/build",
					"/Users/gmt/.stack/programs/x86_64-osx/ghc-8.6.5/lib/ghc-8.6.5/include/",
					"$(HOME)/JUCE/modules/juce_audio_plugin_client",
					"$(inherited)",
				);
				INSTALL_PATH = "@executable_path/../Frameworks";
				LIBRARY_SEARCH_PATHS = (
					"$(inherited)",
					"\"/Users/gmt/.cabal/lib/x86_64-osx-ghc-8.6.4/array-0.5.4.0-JTWuK1N2qV6Hp4ahtyDNgH/\"",
					"\"dist/build/\"",
					"\"/Users/gmt/.stack/programs/x86_64-osx/ghc-8.6.5/lib/ghc-8.6.5/array-0.5.3.0/\"",
					"\"/Users/gmt/.stack/programs/x86_64-osx/ghc-8.6.5/lib/ghc-8.6.5/base-4.12.0.0/\"",
					"\"/Users/gmt/.stack/programs/x86_64-osx/ghc-8.6.5/lib/ghc-8.6.5/deepseq-1.4.4.0/\"",
					"\"/Users/gmt/.stack/programs/x86_64-osx/ghc-8.6.5/lib/ghc-8.6.5/ghc-prim-0.5.3/\"",
					"\"/Users/gmt/.stack/programs/x86_64-osx/ghc-8.6.5/lib/ghc-8.6.5/integer-gmp-1.0.2.0/\"",
					"\"/Users/gmt/Loopo/.stack-work/dist/x86_64-osx/Cabal-2.4.0.1/build/\"",
					"\"/Users/gmt/.stack/snapshots/x86_64-osx/cf793d5e58850485fdeea13086f3ea038bbe5323ca0ebfe2613e5228635402ab/8.6.5/lib/x86_64-osx-ghc-8.6.5/primitive-0.6.4.0-ILgywxtLpvnAOlEISPpP5b/\"",
					"\"/Users/gmt/.stack/programs/x86_64-osx/ghc-8.6.5/lib/ghc-8.6.5/transformers-0.5.6.2/\"",
					"\"/Users/gmt/.stack/snapshots/x86_64-osx/cf793d5e58850485fdeea13086f3ea038bbe5323ca0ebfe2613e5228635402ab/8.6.5/lib/x86_64-osx-ghc-8.6.5/vector-0.12.0.3-LfvlcMFJAcY18uD1Y2O5Ig/\"",
					"\"/Users/gmt/.stack/programs/x86_64-osx/ghc-8.6.5/lib/ghc-8.6.5/rts/\"",
					"\"/Users/gmt/.stack/programs/x86_64-osx/ghc-8.6.5/lib/ghc-8.6.5/rts/\"",
				);
				LLVM_LTO = YES;
				MACOSX_DEPLOYMENT_TARGET = 10.12;
				MTL_HEADER_SEARCH_PATHS = (
					"$(HOME)/JUCE/modules/juce_audio_processors/format_types/VST3_SDK",
					"../../JuceLibraryCode",
					"$(HOME)/JUCE/modules",
					"/Users/gmt/Loopo/dist/build",
					"/Users/gmt/.stack/programs/x86_64-osx/ghc-8.6.5/lib/ghc-8.6.5/include/",
					"$(HOME)/JUCE/modules/juce_audio_plugin_client",
				);
				OTHER_CPLUSPLUSFLAGS = "-Wno-shorten-64-to-32";
				OTHER_LDFLAGS = "-Wl,-no_compact_unwind";
				PRODUCT_BUNDLE_IDENTIFIER = com.JUCE.Loopo;
				PRODUCT_NAME = "SamplerPlugin";
				SKIP_INSTALL = YES;
				USE_HEADERMAP = NO;
				VALID_ARCHS = "i386 x86_64 arm64 arm64e";
			};
			name = Release;
		};
		C4DBB907BAAA99252B3D4FAE = {
			isa = XCBuildConfiguration;
			buildSettings = {
				ALWAYS_SEARCH_USER_PATHS = NO;
				CLANG_ENABLE_OBJC_WEAK = YES;
				CLANG_WARN_BLOCK_CAPTURE_AUTORELEASING = YES;
				CLANG_WARN_BOOL_CONVERSION = YES;
				CLANG_WARN_COMMA = YES;
				CLANG_WARN_CONSTANT_CONVERSION = YES;
				CLANG_WARN_DEPRECATED_OBJC_IMPLEMENTATIONS = YES;
				CLANG_WARN_EMPTY_BODY = YES;
				CLANG_WARN_ENUM_CONVERSION = YES;
				CLANG_WARN_INFINITE_RECURSION = YES;
				CLANG_WARN_INT_CONVERSION = YES;
				CLANG_WARN_NON_LITERAL_NULL_CONVERSION = YES;
				CLANG_WARN_OBJC_IMPLICIT_RETAIN_SELF = YES;
				CLANG_WARN_OBJC_LITERAL_CONVERSION = YES;
				CLANG_WARN_RANGE_LOOP_ANALYSIS = YES;
				CLANG_WARN_STRICT_PROTOTYPES = YES;
				CLANG_WARN_SUSPICIOUS_MOVE = YES;
				CLANG_WARN_UNREACHABLE_CODE = YES;
				CLANG_WARN__DUPLICATE_METHOD_MATCH = YES;
				CODE_SIGN_IDENTITY = "";
				DEBUG_INFORMATION_FORMAT = dwarf;
				ENABLE_STRICT_OBJC_MSGSEND = YES;
				ENABLE_TESTABILITY = NO;
				GCC_C_LANGUAGE_STANDARD = c11;
				GCC_INLINES_ARE_PRIVATE_EXTERN = YES;
				GCC_MODEL_TUNING = G5;
				GCC_NO_COMMON_BLOCKS = YES;
				GCC_SYMBOLS_PRIVATE_EXTERN = YES;
				GCC_WARN_64_TO_32_BIT_CONVERSION = YES;
				GCC_WARN_ABOUT_RETURN_TYPE = YES;
				GCC_WARN_CHECK_SWITCH_STATEMENTS = YES;
				GCC_WARN_MISSING_PARENTHESES = YES;
				GCC_WARN_NON_VIRTUAL_DESTRUCTOR = YES;
				GCC_WARN_TYPECHECK_CALLS_TO_PRINTF = YES;
				GCC_WARN_UNDECLARED_SELECTOR = YES;
				GCC_WARN_UNINITIALIZED_AUTOS = YES;
				GCC_WARN_UNUSED_FUNCTION = YES;
				GCC_WARN_UNUSED_VARIABLE = YES;
				ONLY_ACTIVE_ARCH = YES;
				PRODUCT_NAME = "SamplerPlugin";
				SDKROOT = macosx;
				WARNING_CFLAGS = "-Wreorder";
				ZERO_LINK = NO;
			};
			name = Debug;
		};
		73D11EA195A8C7CB758B4D7A = {
			isa = XCBuildConfiguration;
			buildSettings = {
				ALWAYS_SEARCH_USER_PATHS = NO;
				CLANG_ENABLE_OBJC_WEAK = YES;
				CLANG_WARN_BLOCK_CAPTURE_AUTORELEASING = YES;
				CLANG_WARN_BOOL_CONVERSION = YES;
				CLANG_WARN_COMMA = YES;
				CLANG_WARN_CONSTANT_CONVERSION = YES;
				CLANG_WARN_DEPRECATED_OBJC_IMPLEMENTATIONS = YES;
				CLANG_WARN_EMPTY_BODY = YES;
				CLANG_WARN_ENUM_CONVERSION = YES;
				CLANG_WARN_INFINITE_RECURSION = YES;
				CLANG_WARN_INT_CONVERSION = YES;
				CLANG_WARN_NON_LITERAL_NULL_CONVERSION = YES;
				CLANG_WARN_OBJC_IMPLICIT_RETAIN_SELF = YES;
				CLANG_WARN_OBJC_LITERAL_CONVERSION = YES;
				CLANG_WARN_RANGE_LOOP_ANALYSIS = YES;
				CLANG_WARN_STRICT_PROTOTYPES = YES;
				CLANG_WARN_SUSPICIOUS_MOVE = YES;
				CLANG_WARN_UNREACHABLE_CODE = YES;
				CLANG_WARN__DUPLICATE_METHOD_MATCH = YES;
				CODE_SIGN_IDENTITY = "";
				DEBUG_INFORMATION_FORMAT = dwarf;
				ENABLE_STRICT_OBJC_MSGSEND = YES;
				ENABLE_TESTABILITY = NO;
				GCC_C_LANGUAGE_STANDARD = c11;
				GCC_INLINES_ARE_PRIVATE_EXTERN = YES;
				GCC_MODEL_TUNING = G5;
				GCC_NO_COMMON_BLOCKS = YES;
				GCC_SYMBOLS_PRIVATE_EXTERN = YES;
				GCC_WARN_64_TO_32_BIT_CONVERSION = YES;
				GCC_WARN_ABOUT_RETURN_TYPE = YES;
				GCC_WARN_CHECK_SWITCH_STATEMENTS = YES;
				GCC_WARN_MISSING_PARENTHESES = YES;
				GCC_WARN_NON_VIRTUAL_DESTRUCTOR = YES;
				GCC_WARN_TYPECHECK_CALLS_TO_PRINTF = YES;
				GCC_WARN_UNDECLARED_SELECTOR = YES;
				GCC_WARN_UNINITIALIZED_AUTOS = YES;
				GCC_WARN_UNUSED_FUNCTION = YES;
				GCC_WARN_UNUSED_VARIABLE = YES;
				PRODUCT_NAME = "SamplerPlugin";
				SDKROOT = macosx;
				WARNING_CFLAGS = "-Wreorder";
				ZERO_LINK = NO;
			};
			name = Release;
		};
		D2B2EBE2C0E86A95849153DB = {
			isa = XCConfigurationList;
			buildConfigurations = (
				C4DBB907BAAA99252B3D4FAE,
				73D11EA195A8C7CB758B4D7A,
			);
			defaultConfigurationIsVisible = 0;
			defaultConfigurationName = Debug;
		};
		A38B45D32EB4FADB05FF0ED8 = {
			isa = XCConfigurationList;
			buildConfigurations = (
				F87441FC5B121364A13F7747,
				200D6BEC95AD971F1FC7C202,
			);
			defaultConfigurationIsVisible = 0;
			defaultConfigurationName = Debug;
		};
		97CEC96C3EF49872A5733FBB = {
			isa = PBXAggregateTarget;
			buildConfigurationList = A38B45D32EB4FADB05FF0ED8;
			buildPhases = ( );
			buildRules = ( );
			dependencies = (
				85EA423B2B715A3E646108D7,
				824AB7AD11340FCEFBDD18DB,
				091D1890DF7CF6E7814641EF,
				02F10926DF07876FAAE51F98,
			);
			name = "Loopo - All";
			productName = Loopo;
		};
		712E10F75C388016D61A04E3 = {
			isa = XCConfigurationList;
			buildConfigurations = (
				7F4BE4B6439CF368F3E18F37,
				A90133778403915703904304,
			);
			defaultConfigurationIsVisible = 0;
			defaultConfigurationName = Debug;
		};
		B9C3C5B1019D93E6C09CAB1E = {
			isa = PBXResourcesBuildPhase;
			buildActionMask = 2147483647;
			files = (
				513BD371B33D0F9D4970EB05,
			);
			runOnlyForDeploymentPostprocessing = 0;
		};
		46EAAA06735D5D08C9313749 = {
			isa = PBXSourcesBuildPhase;
			buildActionMask = 2147483647;
			files = (
				D8C754A425DC1428C564BA04,
			);
			runOnlyForDeploymentPostprocessing = 0;
		};
		0745F6F84C2AE0F861941398 = {
			isa = PBXFrameworksBuildPhase;
			buildActionMask = 2147483647;
			files = (
				BE911D1539570E82F27D8271,
				C13DB999BFB3018D6EDE97E6,
				0E1CF60F4B4DF64769CE068D,
				6211A2AFCECB4E983B9638AD,
				178563E95AC13352E9FB9683,
				BBE94F6D5E7ABE984962E6B1,
				2C967B6D0EFA42EF3EAB22B7,
				928C5F94CCFF328504C77B24,
				3A1DE19FBB4F48D4F7CD1C26,
				80EF07A1F211CC2AF304463D,
				762515F305ED3EF3DD0D952A,
				DB7F4C39CF6B91390B1CF9A6,
			);
			runOnlyForDeploymentPostprocessing = 0;
		};
		5DF7939940643F082A75BF5F = {
			isa = PBXNativeTarget;
			buildConfigurationList = 712E10F75C388016D61A04E3;
			buildPhases = (
				B9C3C5B1019D93E6C09CAB1E,
				46EAAA06735D5D08C9313749,
				0745F6F84C2AE0F861941398,
			);
			buildRules = ( );
			dependencies = (
				B68866FD019508371F34968F,
			);
			name = "Loopo - VST3";
			productName = Loopo;
			productReference = 8787D7C7448AE42E2E3263FC;
			productType = "com.apple.product-type.bundle";
		};
		7B239AFDA0FB7A357A3AC272 = {
			isa = XCConfigurationList;
			buildConfigurations = (
				755DB8F8A99AF6E0AD0E3894,
				0A3E715293A1152F372AE8B9,
			);
			defaultConfigurationIsVisible = 0;
			defaultConfigurationName = Debug;
		};
		4087CE8BFBD7F59BABA1699F = {
			isa = PBXResourcesBuildPhase;
			buildActionMask = 2147483647;
			files = (
				513BD371B33D0F9D4970EB05,
			);
			runOnlyForDeploymentPostprocessing = 0;
		};
		B2A89C73B299C62314DDF389 = {
			isa = PBXRezBuildPhase;
			buildActionMask = 2147483647;
			files = (
				ADFF16C774398AECD0275904,
			);
			runOnlyForDeploymentPostprocessing = 0;
		};
		D201CCF73D7C167AC657DBB7 = {
			isa = PBXSourcesBuildPhase;
			buildActionMask = 2147483647;
			files = (
				855D0D880DDE10D7C6CE5198,
				589B28196EC4C952C7B7E634,
			);
			runOnlyForDeploymentPostprocessing = 0;
		};
		E9F22CE894CCBF052D46D6C3 = {
			isa = PBXFrameworksBuildPhase;
			buildActionMask = 2147483647;
			files = (
				DE984AD895ED079BD1CE11AA,
				BE911D1539570E82F27D8271,
				C13DB999BFB3018D6EDE97E6,
				0E1CF60F4B4DF64769CE068D,
				6211A2AFCECB4E983B9638AD,
				178563E95AC13352E9FB9683,
				BBE94F6D5E7ABE984962E6B1,
				2C967B6D0EFA42EF3EAB22B7,
				928C5F94CCFF328504C77B24,
				3A1DE19FBB4F48D4F7CD1C26,
				80EF07A1F211CC2AF304463D,
				762515F305ED3EF3DD0D952A,
				DB7F4C39CF6B91390B1CF9A6,
			);
			runOnlyForDeploymentPostprocessing = 0;
		};
		2646E0E40BF9CF5A01BEA05C = {
			isa = PBXNativeTarget;
			buildConfigurationList = 7B239AFDA0FB7A357A3AC272;
			buildPhases = (
				4087CE8BFBD7F59BABA1699F,
				B2A89C73B299C62314DDF389,
				D201CCF73D7C167AC657DBB7,
				E9F22CE894CCBF052D46D6C3,
			);
			buildRules = ( );
			dependencies = (
				923C09445E613192E03A66CD,
			);
			name = "Loopo - AU";
			productName = Loopo;
			productReference = F5C121D306B27BC8205CA557;
			productType = "com.apple.product-type.bundle";
		};
		D9EE454F3C3439C166442C10 = {
			isa = XCConfigurationList;
			buildConfigurations = (
				5170C1884A03F1C4951914D4,
				105A9BFB5965023E1F9A1C23,
			);
			defaultConfigurationIsVisible = 0;
			defaultConfigurationName = Debug;
		};
		14A2E55027B80C4BBA450DC8 = {
			isa = PBXResourcesBuildPhase;
			buildActionMask = 2147483647;
			files = (
				513BD371B33D0F9D4970EB05,
			);
			runOnlyForDeploymentPostprocessing = 0;
		};
		13CE30568C39ED2E5BEBBFB1 = {
			isa = PBXSourcesBuildPhase;
			buildActionMask = 2147483647;
			files = (
				1BC8C6FE9769CB7044238569,
			);
			runOnlyForDeploymentPostprocessing = 0;
		};
		F1E57574FAF8EAD9A12170D3 = {
			isa = PBXFrameworksBuildPhase;
			buildActionMask = 2147483647;
			files = (
				BE911D1539570E82F27D8271,
				C13DB999BFB3018D6EDE97E6,
				0E1CF60F4B4DF64769CE068D,
				6211A2AFCECB4E983B9638AD,
				178563E95AC13352E9FB9683,
				BBE94F6D5E7ABE984962E6B1,
				2C967B6D0EFA42EF3EAB22B7,
				928C5F94CCFF328504C77B24,
				3A1DE19FBB4F48D4F7CD1C26,
				80EF07A1F211CC2AF304463D,
				762515F305ED3EF3DD0D952A,
				DB7F4C39CF6B91390B1CF9A6,
			);
			runOnlyForDeploymentPostprocessing = 0;
		};
		E3B3F7662E8D6F50582FBE49 = {
			isa = PBXNativeTarget;
			buildConfigurationList = D9EE454F3C3439C166442C10;
			buildPhases = (
				14A2E55027B80C4BBA450DC8,
				13CE30568C39ED2E5BEBBFB1,
				F1E57574FAF8EAD9A12170D3,
			);
			buildRules = ( );
			dependencies = (
				B40F3623F16E6C97F20841C0,
			);
			name = "Loopo - Standalone Plugin";
			productName = Loopo;
			productReference = F2ECD6E7621D69AEA8CCE63E;
			productType = "com.apple.product-type.application";
		};
		F1165837E68412B599B1AA28 = {
			isa = XCConfigurationList;
			buildConfigurations = (
				88EE003C141C2796636CF94E,
				33E891358D1E975C0F6E471F,
			);
			defaultConfigurationIsVisible = 0;
			defaultConfigurationName = Debug;
		};
		9C32CE4918B3E7F14FAA9947 = {
			isa = PBXSourcesBuildPhase;
			buildActionMask = 2147483647;
			files = (
				29D887655EA47E2600783B60,
				B94246E0136A99238FCC442C,
				489BF9ECB05A093B2090CB38,
				F75DDC9A3A5890B8DD7D5598,
				8AEA6B0880BC7BE0C196C66B,
				0E3466453AD8A7245A14EE46,
				916B2F650C22EBA59B2CFB7D,
				8591F87F5C32E0D83903F254,
				77F171D5A110F80F7EF0E9C7,
				45ACAB288526B741A8CC2C0D,
				C8E435729B593B633F9412CE,
				32B31120527306B32EE5993F,
				3C87DC1CE9E93E32D1B9A521,
				B42EEA14667B93983FD0C78C,
				F8FEF6F8A945BB32D5132A7D,
			);
			runOnlyForDeploymentPostprocessing = 0;
		};
		C1AED7F67B2924323BAC64A9 = {
			isa = PBXNativeTarget;
			buildConfigurationList = F1165837E68412B599B1AA28;
			buildPhases = (
				9C32CE4918B3E7F14FAA9947,
			);
			buildRules = ( );
			dependencies = ( );
			name = "Loopo - Shared Code";
			productName = Loopo;
			productReference = FAB2F4D82059F9FD895A8280;
			productType = "com.apple.product-type.library.static";
		};
		64561DA8033E38B04CCD263D = {
			isa = PBXProject;
			buildConfigurationList = D2B2EBE2C0E86A95849153DB;
			attributes = { LastUpgradeCheck = 1200; ORGANIZATIONNAME = "JUCE"; TargetAttributes = { 97CEC96C3EF49872A5733FBB = { SystemCapabilities = {com.apple.ApplicationGroups.iOS = { enabled = 0; }; com.apple.InAppPurchase = { enabled = 0; }; com.apple.InterAppAudio = { enabled = 0; }; com.apple.Push = { enabled = 0; }; com.apple.Sandbox = { enabled = 0; }; com.apple.HardenedRuntime = { enabled = 0; }; }; };5DF7939940643F082A75BF5F = { SystemCapabilities = {com.apple.ApplicationGroups.iOS = { enabled = 0; }; com.apple.InAppPurchase = { enabled = 0; }; com.apple.InterAppAudio = { enabled = 0; }; com.apple.Push = { enabled = 0; }; com.apple.Sandbox = { enabled = 0; }; com.apple.HardenedRuntime = { enabled = 0; }; }; };2646E0E40BF9CF5A01BEA05C = { SystemCapabilities = {com.apple.ApplicationGroups.iOS = { enabled = 0; }; com.apple.InAppPurchase = { enabled = 0; }; com.apple.InterAppAudio = { enabled = 0; }; com.apple.Push = { enabled = 0; }; com.apple.Sandbox = { enabled = 0; }; com.apple.HardenedRuntime = { enabled = 0; }; }; };E3B3F7662E8D6F50582FBE49 = { SystemCapabilities = {com.apple.ApplicationGroups.iOS = { enabled = 0; }; com.apple.InAppPurchase = { enabled = 0; }; com.apple.InterAppAudio = { enabled = 0; }; com.apple.Push = { enabled = 0; }; com.apple.Sandbox = { enabled = 0; }; com.apple.HardenedRuntime = { enabled = 0; }; }; };C1AED7F67B2924323BAC64A9 = { SystemCapabilities = {com.apple.ApplicationGroups.iOS = { enabled = 0; }; com.apple.InAppPurchase = { enabled = 0; }; com.apple.InterAppAudio = { enabled = 0; }; com.apple.Push = { enabled = 0; }; com.apple.Sandbox = { enabled = 0; }; com.apple.HardenedRuntime = { enabled = 0; }; }; }; }; };
			compatibilityVersion = "Xcode 3.2";
			hasScannedForEncodings = 0;
			mainGroup = A8B95BD8DFC3159B60CD704C;
			projectDirPath = "";
			projectRoot = "";
			targets = (97CEC96C3EF49872A5733FBB, 5DF7939940643F082A75BF5F, 2646E0E40BF9CF5A01BEA05C, E3B3F7662E8D6F50582FBE49, C1AED7F67B2924323BAC64A9);
			knownRegions = (en, Base);
		};
	};
	rootObject = 64561DA8033E38B04CCD263D;
}
